schema: '2.0'
stages:
  eval-report-ml100k:
    cmd: papermill -r dataset ml100k eval-report.ipynb eval-report.ml100k.ipynb
    deps:
    - path: eval-report.ipynb
      hash: md5
      md5: 5f6e67c57bb139ed1f3282601a615b0c
      size: 7650
    - path: runs/ml100k-ALS
      hash: md5
      md5: ba7a79aa77d783aa6ec7c4480717f1b2.dir
      size: 1103432
      nfiles: 10
    - path: runs/ml100k-Bias
      hash: md5
      md5: 6140e62c43cd985151d5fc31742f87f3.dir
      size: 620117
      nfiles: 10
    - path: runs/ml100k-IALS
      hash: md5
      md5: f887db63ff04a57259787fe540059045.dir
      size: 1037281
      nfiles: 5
    - path: runs/ml100k-IIE
      hash: md5
      md5: d5c29d0edace2790ee5c3abf940e1b15.dir
      size: 701004
      nfiles: 10
    - path: runs/ml100k-III
      hash: md5
      md5: 33fb9d411d35ed2541dec86dd5e96631.dir
      size: 627245
      nfiles: 5
    - path: runs/ml100k-Pop
      hash: md5
      md5: c43d752cb17cd51cb5345675001ae27c.dir
      size: 163803
      nfiles: 5
    - path: runs/ml100k-UUE
      hash: md5
      md5: 6b74d73421199c932085bdb2a6e20aa9.dir
      size: 681121
      nfiles: 10
    outs:
    - path: eval-report.ml100k.ipynb
      hash: md5
      md5: d1ee4c13858f196e3f033b1edbd6cee2
      size: 65508
  eval-report-mlsmall:
    cmd: papermill -r dataset mlsmall eval-report.ipynb 
      eval-report.mlsmall.ipynb
    deps:
    - path: eval-report.ipynb
      md5: cc3fe6cac16cf204d97c2f0791b0e188
      size: 13296
    - path: runs/mlsmall-ALS
      md5: f2f1655d5868e3ae9b3ea6c797573f54.dir
      size: 855162
      nfiles: 10
    - path: runs/mlsmall-Bias
      md5: 2e81e75b435524dbcc1f238cbc9997e7.dir
      size: 784716
      nfiles: 10
    - path: runs/mlsmall-IALS
      md5: 7f0251d1ea2e5b9413165bf93eab128c.dir
      size: 882978
      nfiles: 10
    - path: runs/mlsmall-IIE
      md5: 610d2fb0f27e03b3d87264529b682a97.dir
      size: 831508
      nfiles: 10
    - path: runs/mlsmall-III
      md5: f4ecbe6d3d0b6c3e761f30ee1f694062.dir
      size: 837544
      nfiles: 10
    - path: runs/mlsmall-Pop
      md5: 40afe1eb5bc0cb3c00a6643eec498860.dir
      size: 270443
      nfiles: 5
    - path: runs/mlsmall-UUE
      md5: 40cb87dbab4324167b2cc48f7a7fdff6.dir
      size: 567281
      nfiles: 10
    outs:
    - path: eval-report.mlsmall.ipynb
      md5: 0755e27d4cc3e4ad5b23d59b6b752361
      size: 96422
  eval-report-ml1m:
    cmd: papermill -r dataset ml1m eval-report.ipynb eval-report.ml1m.ipynb
    deps:
    - path: eval-report.ipynb
      md5: cc3fe6cac16cf204d97c2f0791b0e188
      size: 13296
    - path: runs/ml1m-ALS
      md5: 9e1389b93853b37e42635409906f71b1.dir
      size: 8258721
      nfiles: 10
    - path: runs/ml1m-Bias
      md5: 783c9c938b92b07c613daecc9a718f3a.dir
      size: 8050097
      nfiles: 10
    - path: runs/ml1m-IALS
      md5: fff2ffe79f9b00e9f920e882ca5f6ac2.dir
      size: 8653593
      nfiles: 10
    - path: runs/ml1m-IIE
      md5: b367b8a8a32e04646f9cfaf3c7c3a42e.dir
      size: 8318600
      nfiles: 10
    - path: runs/ml1m-III
      md5: 43cc1af19886ca6eb3586a46eae37e32.dir
      size: 8411913
      nfiles: 10
    - path: runs/ml1m-Pop
      md5: a666f1ea9ba28ebcdeb9994c17486191.dir
      size: 2759981
      nfiles: 5
    - path: runs/ml1m-UUE
      md5: 4c61988db49c98aabc934c876b01df89.dir
      size: 8241530
      nfiles: 10
    outs:
    - path: eval-report.ml1m.ipynb
      md5: e2c15cc6133048332c1146a5dba7bdf9
      size: 99342
  eval-report-ml10m:
    cmd: papermill -r dataset ml10m eval-report.ipynb eval-report.ml10m.ipynb
    deps:
    - path: eval-report.ipynb
      md5: cc3fe6cac16cf204d97c2f0791b0e188
      size: 13296
    - path: runs/ml10m-ALS
      md5: e77645166737d13782cd31ed6371e02c.dir
      size: 97299436
      nfiles: 10
    - path: runs/ml10m-Bias
      md5: 5bd29718539ce09f6954713a73baeccd.dir
      size: 93037150
      nfiles: 10
    - path: runs/ml10m-IALS
      md5: b56a8e20db6763ccf5f95026228d2876.dir
      size: 101225639
      nfiles: 10
    - path: runs/ml10m-IIE
      md5: 69ad12861282f7cae86158a37710b245.dir
      size: 99800658
      nfiles: 10
    - path: runs/ml10m-III
      md5: cd995b8c32ff66e1e47faa20937ca1c9.dir
      size: 98620898
      nfiles: 10
    - path: runs/ml10m-Pop
      md5: 79f0ae9d7e027dcd9607c87fe641b746.dir
      size: 32011416
      nfiles: 5
    - path: runs/ml10m-UUE
      md5: 373ba97825fd8d2585c4333244215dac.dir
      size: 95332322
      nfiles: 10
    outs:
    - path: eval-report.ml10m.ipynb
      md5: b1ac9de1e3fe169e3d82770df74555f4
      size: 99708
  eval-report-ml20m:
    cmd: papermill -r dataset ml20m eval-report.ipynb eval-report.ml20m.ipynb
    deps:
    - path: eval-report.ipynb
      md5: cc3fe6cac16cf204d97c2f0791b0e188
      size: 13296
    - path: runs/ml20m-ALS
      md5: 0e7978aaf507dc465de91f192306e8d4.dir
      size: 197539849
      nfiles: 10
    - path: runs/ml20m-Bias
      md5: 68c3914a88cf2732dd6b21c7606d6deb.dir
      size: 186159023
      nfiles: 10
    - path: runs/ml20m-IALS
      md5: 3be730814609f09ec178049e7fd07db9.dir
      size: 202257650
      nfiles: 10
    - path: runs/ml20m-IIE
      md5: 1549013a4e7c924cbf1f2b9f7a9b82e6.dir
      size: 196469005
      nfiles: 10
    - path: runs/ml20m-III
      md5: 3691df7eae981c6868ef9e4ce0579b9c.dir
      size: 196737003
      nfiles: 10
    - path: runs/ml20m-Pop
      md5: fd74579c1fcf66c5b5d0c7e800f1e347.dir
      size: 63463349
      nfiles: 5
    - path: runs/ml20m-UUE
      md5: 823bfdf4a783423765a9b50d2b9f7cca.dir
      size: 159565629
      nfiles: 10
    outs:
    - path: eval-report.ml20m.ipynb
      md5: 79142d468c345e8b390ae8fb339ef14f
      size: 97972
  eval-report-template:
    cmd: jupytext --to ipynb eval-report.md
    deps:
    - path: eval-report.md
      hash: md5
      md5: df6f0d3c3a6e995070e3e1ab2c6c5189
      size: 3474
    outs:
    - path: eval-report.ipynb
      hash: md5
      md5: 3debef5a438b179008969f8d2cf6ed8a
      size: 7179
  eval-report@ml100k:
    cmd: papermill -r dataset ml100k eval-report.ipynb eval-report.ml100k.ipynb
    deps:
    - path: eval-report.ipynb
      hash: md5
      md5: 5dabaec5b3cfeea657ff845756b98501
      size: 8079
    - path: runs/ml100k-ALS
      hash: md5
      md5: 92b815b9d5a2a33385070e27bf6b63a8.dir
      size: 681678
      nfiles: 10
    - path: runs/ml100k-Bias
      hash: md5
      md5: 5a4f974899726743f7952d94bb6c5656.dir
      size: 595087
      nfiles: 10
    - path: runs/ml100k-IALS
      hash: md5
      md5: 41ac1ff492ef61de1aa8234dd41facb9.dir
      size: 650633
      nfiles: 5
    - path: runs/ml100k-IIE
      hash: md5
      md5: d23d65b5910ea458e153753402e4249b.dir
      size: 681966
      nfiles: 10
    - path: runs/ml100k-III
      hash: md5
      md5: 91f5960ba43da65679956e531f669335.dir
      size: 628636
      nfiles: 5
    - path: runs/ml100k-Pop
      hash: md5
      md5: 0cfca0eb6a2df277ba487d875f3e652d.dir
      size: 143426
      nfiles: 5
    - path: runs/ml100k-UUE
      hash: md5
      md5: 4b46af4366ba7e5ede78ab623da9edb5.dir
      size: 662711
      nfiles: 10
    outs:
    - path: eval-metrics.ml100k.json
      hash: md5
      md5: 131f93294d547515aa301bf6ce9cbbe6
      size: 504
    - path: eval-report.ml100k.ipynb
      hash: md5
      md5: 9bdc2cc737595a8155d40173473fa1a3
      size: 74879
  eval-report@mlsmall:
    cmd: papermill -r dataset mlsmall eval-report.ipynb 
      eval-report.mlsmall.ipynb
    deps:
    - path: eval-report.ipynb
      hash: md5
      md5: b9118391f86d1a2f07479989906d2c31
      size: 8079
    - path: runs/mlsmall-ALS
      hash: md5
      md5: 356e3ffddd8f682efe7c8f5c234bf9cc.dir
      size: 460749
      nfiles: 10
    - path: runs/mlsmall-Bias
      hash: md5
      md5: 6dd45af7b491f759a4ce49d247389578.dir
      size: 375200
      nfiles: 10
    - path: runs/mlsmall-IALS
      hash: md5
      md5: ac6b00c6180cce83a4228b5260639452.dir
      size: 430446
      nfiles: 5
    - path: runs/mlsmall-IIE
      hash: md5
      md5: ac4f2d29a697a16c5e63f403902c061c.dir
      size: 445597
      nfiles: 10
    - path: runs/mlsmall-III
      hash: md5
      md5: 18a983cc7b478463817bccc146e791f1.dir
      size: 405850
      nfiles: 5
    - path: runs/mlsmall-Pop
      hash: md5
      md5: e180a19b2f436c79f42be5e85bb50dee.dir
      size: 93502
      nfiles: 5
    - path: runs/mlsmall-UUE
      hash: md5
      md5: 7a673d074fa64f1480d75e52b1cc33e4.dir
      size: 298102
      nfiles: 10
    outs:
    - path: eval-metrics.mlsmall.json
      hash: md5
      md5: 935a8276fed5c13d914970716fa5eeed
      size: 496
    - path: eval-report.mlsmall.ipynb
      hash: md5
      md5: f602d1400f845a84d2015012fb3f8eef
      size: 74025
  eval-report@ml1m:
    cmd: papermill -r dataset ml1m eval-report.ipynb eval-report.ml1m.ipynb
    deps:
    - path: eval-report.ipynb
      hash: md5
      md5: 6d322fefb958a1eed5e1dfa694a35155
      size: 8079
    - path: runs/ml1m-ALS
      hash: md5
      md5: a6943668a2e25b2acf34a5e0f8171fd9.dir
      size: 4397815
      nfiles: 10
    - path: runs/ml1m-Bias
      hash: md5
      md5: 5e24409af956cf1aa93461c96862f006.dir
      size: 3826573
      nfiles: 10
    - path: runs/ml1m-IALS
      hash: md5
      md5: 8e38764e52545a465a10b9e289e644f8.dir
      size: 4219919
      nfiles: 5
    - path: runs/ml1m-IIE
      hash: md5
      md5: ef44a6d60c2fc9715b5994079db3aeeb.dir
      size: 4425143
      nfiles: 10
    - path: runs/ml1m-III
      hash: md5
      md5: cfaf15eb08bd98e13de8e42128339cfe.dir
      size: 4069842
      nfiles: 5
    - path: runs/ml1m-Pop
      hash: md5
      md5: c1fcf7188fa680a45c1513c9f4857365.dir
      size: 680673
      nfiles: 5
    - path: runs/ml1m-UUE
      hash: md5
      md5: 2dc5f87dff5a3acdac02ac08685d211d.dir
      size: 4410024
      nfiles: 10
    outs:
    - path: eval-metrics.ml1m.json
      hash: md5
      md5: fc3fb698e1031a211145dc5fb33406ed
      size: 503
    - path: eval-report.ml1m.ipynb
      hash: md5
      md5: 12efb8e913c31872200daed79d59a5d6
      size: 72669
  eval-report@ml10m:
    cmd: papermill -r dataset ml10m eval-report.ipynb eval-report.ml10m.ipynb
    deps:
    - path: eval-report.ipynb
      hash: md5
      md5: b9118391f86d1a2f07479989906d2c31
      size: 8079
    - path: runs/ml10m-ALS
      hash: md5
      md5: 0c132200c2000e6acc57407856a2b08c.dir
      size: 45948270
      nfiles: 10
    - path: runs/ml10m-Bias
      hash: md5
      md5: f2d930e2646cfc445447d0b1fee788e8.dir
      size: 38327872
      nfiles: 10
    - path: runs/ml10m-IALS
      hash: md5
      md5: e605d6e665cb7219ad61d9f4f3c9a4eb.dir
      size: 44190493
      nfiles: 5
    - path: runs/ml10m-IIE
      hash: md5
      md5: bd8ee0a2390ad7060706d0f599910cd0.dir
      size: 47325258
      nfiles: 10
    - path: runs/ml10m-III
      hash: md5
      md5: 51a6182cfa49005672a61985b292c959.dir
      size: 42680707
      nfiles: 5
    - path: runs/ml10m-Pop
      hash: md5
      md5: 2cffffc6547ca0813ffa6dc9eaf16533.dir
      size: 6540994
      nfiles: 5
    - path: runs/ml10m-UUE
      hash: md5
      md5: a5947f92259e2941f50dbf8b2b6f22a9.dir
      size: 46022017
      nfiles: 10
    outs:
    - path: eval-metrics.ml10m.json
      hash: md5
      md5: 68ff4f442dd9bc0a6b9e0f361ee5a8d7
      size: 503
    - path: eval-report.ml10m.ipynb
      hash: md5
      md5: 7229b71beca5d91987bb32974605b306
      size: 76392
  eval-report@ml20m:
    cmd: papermill -r dataset ml20m eval-report.ipynb eval-report.ml20m.ipynb
    deps:
    - path: eval-report.ipynb
      hash: md5
      md5: b9118391f86d1a2f07479989906d2c31
      size: 8079
    - path: runs/ml20m-ALS
      hash: md5
      md5: d6693ca8a6a238365a6b10d3056913b9.dir
      size: 91671216
      nfiles: 10
    - path: runs/ml20m-Bias
      hash: md5
      md5: c62fd2594323c3ddf6b1012a0f638539.dir
      size: 76111699
      nfiles: 10
    - path: runs/ml20m-IALS
      hash: md5
      md5: e17b5666dc529a814eb711e7ab9674ab.dir
      size: 87859794
      nfiles: 5
    - path: runs/ml20m-IIE
      hash: md5
      md5: f69245eaaf219f9d0c9e3525f2d475d7.dir
      size: 90790351
      nfiles: 10
    - path: runs/ml20m-III
      hash: md5
      md5: 16fcca04d332b93871e3025f8202ddcb.dir
      size: 84784300
      nfiles: 5
    - path: runs/ml20m-Pop
      hash: md5
      md5: 22ce09726facce9cd58b5899644d9d56.dir
      size: 12502085
      nfiles: 5
    - path: runs/ml20m-UUE
      hash: md5
      md5: b7c8c38f0125428974f7fa09c098f552.dir
      size: 80244915
      nfiles: 10
    outs:
    - path: eval-metrics.ml20m.json
      hash: md5
      md5: 1f5dcae4aabbec794e083b88387cb07e
      size: 506
    - path: eval-report.ml20m.ipynb
      hash: md5
      md5: d9970b9901fbb01c5eacaa99d3410bc2
      size: 75841
  eval-report@ml25m:
    cmd: papermill -r dataset ml25m eval-report.ipynb eval-report.ml25m.ipynb
    deps:
    - path: eval-report.ipynb
      hash: md5
      md5: b9118391f86d1a2f07479989906d2c31
      size: 8079
    - path: runs/ml25m-ALS
      hash: md5
      md5: 12c61887461be171edf0a18a73df12a8.dir
      size: 110040680
      nfiles: 10
    - path: runs/ml25m-Bias
      hash: md5
      md5: 3c1ee44632845d4fd043e01e7b9142ad.dir
      size: 88564889
      nfiles: 10
    - path: runs/ml25m-IALS
      hash: md5
      md5: c437f3222043f07df766e74684169a05.dir
      size: 102671266
      nfiles: 5
    - path: runs/ml25m-IIE
      hash: md5
      md5: 0d55998d4e64703dee693ac11af925c2.dir
      size: 103236180
      nfiles: 10
    - path: runs/ml25m-III
      hash: md5
      md5: 2290668fb50c5c54e8a0e436c1f507e4.dir
      size: 99091785
      nfiles: 5
    - path: runs/ml25m-Pop
      hash: md5
      md5: 9333c12f8130eed4c51aad64246156c4.dir
      size: 14650129
      nfiles: 5
    - path: runs/ml25m-UUE
      hash: md5
      md5: 3878b3479ac4cf234214009c5c66c318.dir
      size: 76818311
      nfiles: 10
    outs:
    - path: eval-metrics.ml25m.json
      hash: md5
      md5: 28ce2d36bde2a831931a995107534136
      size: 497
    - path: eval-report.ml25m.ipynb
      hash: md5
      md5: c45ede9690f1e068f60f18575656618d
      size: 76398
  eval-report@ml32m:
    cmd: papermill -r dataset ml32m eval-report.ipynb eval-report.ml32m.ipynb
    deps:
    - path: eval-report.ipynb
      hash: md5
      md5: cb90b00c2e8bf8b8c27077baa9ab8cf1
      size: 8079
    - path: runs/ml32m-ALS
      hash: md5
      md5: 6539bc4ceb62a92c8d8c9103dd5882d8.dir
      size: 134322359
      nfiles: 10
    - path: runs/ml32m-Bias
      hash: md5
      md5: 017ce615e53f827d73d34576127f5da6.dir
      size: 107975472
      nfiles: 10
    - path: runs/ml32m-IALS
      hash: md5
      md5: 3e07e4d40a4f542f0979f45b1e76aee3.dir
      size: 125477969
      nfiles: 5
    - path: runs/ml32m-IIE
      hash: md5
      md5: 49da815defbf57b376e9c00cc139452e.dir
      size: 130105771
      nfiles: 10
    - path: runs/ml32m-III
      hash: md5
      md5: 64cf665cd5b6e58ae88ba303b8c180bf.dir
      size: 121233385
      nfiles: 5
    - path: runs/ml32m-Pop
      hash: md5
      md5: f544927694b331ef1a18eddd0fe26dd8.dir
      size: 18079546
      nfiles: 5
    - path: runs/ml32m-UUE
      hash: md5
      md5: 0aa0e3a0fe82128028f60b488d726002.dir
      size: 114235388
      nfiles: 10
    outs:
    - path: eval-metrics.ml32m.json
      hash: md5
      md5: 1a0150a37477da22b5479841e542912e
      size: 502
    - path: eval-report.ml32m.ipynb
      hash: md5
      md5: fc28a56b34e8ad1554c11dc36ba657ca
      size: 76143
  render-report@ml1m:
    cmd: jupyter nbconvert --to html eval-report.ml1m.ipynb
    deps:
    - path: eval-report.ml1m.ipynb
      hash: md5
      md5: 12efb8e913c31872200daed79d59a5d6
      size: 72669
    outs:
    - path: eval-report.ml1m.html
      hash: md5
      md5: 7f93b986103a90b5afe574d0c5087a34
      size: 345275
  render-report@ml100k:
    cmd: jupyter nbconvert --to html eval-report.ml100k.ipynb
    deps:
    - path: eval-report.ml100k.ipynb
      hash: md5
      md5: 9bdc2cc737595a8155d40173473fa1a3
      size: 74879
    outs:
    - path: eval-report.ml100k.html
      hash: md5
      md5: ffc1e498f0211714e894f67f34af28a3
      size: 347483
  eval-report@ml-100k:
    cmd: papermill -r dataset ml-100k eval-report.ipynb 
      eval-report.ml-100k.ipynb
    deps:
    - path: data-split/ml-100k/
      hash: md5
      md5: c2c7a7f3cb3485f170b62bc6d8d8ae63.dir
      size: 630260
      nfiles: 6
    - path: eval-report.ipynb
      hash: md5
      md5: 3debef5a438b179008969f8d2cf6ed8a
      size: 7179
    - path: runs/ml-100k/
      hash: md5
      md5: a24f76f46c2b561ebe58913e6a46a0b9.dir
      size: 1030523
      nfiles: 18
    outs:
    - path: eval-metrics.ml-100k.json
      hash: md5
      md5: 38b5e0272d4fa44731895302ac74a410
      size: 957
    - path: eval-report.ml-100k.ipynb
      hash: md5
      md5: 56d312626372b680d071a612aed000b1
      size: 99993
  eval-report@ml-latest-small:
    cmd: papermill -r dataset ml-latest-small eval-report.ipynb 
      eval-report.ml-latest-small.ipynb
    deps:
    - path: eval-report.ipynb
      hash: md5
      md5: dbd9b53542875762fbe184aa3dd02dea
      size: 8943
    - path: runs/ml-latest-small-ALS
      hash: md5
      md5: 3c0de6b0e33962940f0de22f897ebe5b.dir
      size: 288155
      nfiles: 2
    - path: runs/ml-latest-small-Bias
      hash: md5
      md5: 314dd10cc2ecb82c5bf98b4db7296874.dir
      size: 283699
      nfiles: 2
    - path: runs/ml-latest-small-FlexBPR
      hash: md5
      md5: 48104b0996290f6915d271708fca1ca9.dir
      size: 26311
      nfiles: 1
    - path: runs/ml-latest-small-FlexLMF
      hash: md5
      md5: 764b224a55be710385ea90f9f89bb607.dir
      size: 26037
      nfiles: 1
    - path: runs/ml-latest-small-FlexMF
      hash: md5
      md5: 9c01c10d2852e5ca5c36cd9788743bf8.dir
      size: 260158
      nfiles: 2
    - path: runs/ml-latest-small-FlexWARP
      hash: md5
      md5: 38985583c6098b04b01b3a954a989b86.dir
      size: 26278
      nfiles: 1
    - path: runs/ml-latest-small-IALS
      hash: md5
      md5: f205acf4d1f15c6b5bc8e437a92da246.dir
      size: 23790
      nfiles: 1
    - path: runs/ml-latest-small-IIE
      hash: md5
      md5: 58c422e077741de097955cbf36abd541.dir
      size: 283074
      nfiles: 2
    - path: runs/ml-latest-small-III
      hash: md5
      md5: bf90a5855949dbf76fbddab81f990b95.dir
      size: 19361
      nfiles: 1
    - path: runs/ml-latest-small-Pop
      hash: md5
      md5: 846bd4ed93790bd2e0bc626cccb7e8af.dir
      size: 10565
      nfiles: 1
    - path: runs/ml-latest-small-UUE
      hash: md5
      md5: fd74838460ce7b6f1d7cbeedf75ef187.dir
      size: 279176
      nfiles: 2
    outs:
    - path: eval-metrics.ml-latest-small.json
      hash: md5
      md5: 10d7d3056211e3ad1b02b46ae390d711
      size: 809
    - path: eval-report.ml-latest-small.ipynb
      hash: md5
      md5: c02f8ab587c8cfddb955bf6f49e8e3b4
      size: 187172
  eval-report@ml-1m:
    cmd: papermill -r dataset ml-1m eval-report.ipynb eval-report.ml-1m.ipynb
    deps:
    - path: eval-report.ipynb
      hash: md5
      md5: dbd9b53542875762fbe184aa3dd02dea
      size: 8943
    - path: runs/ml-1m-ALS
      hash: md5
      md5: 7709e345b62c3e7d37713d98f0c08816.dir
      size: 3104908
      nfiles: 2
    - path: runs/ml-1m-Bias
      hash: md5
      md5: 1941767fe21f8058e3fc902eee37d1ae.dir
      size: 3002571
      nfiles: 2
    - path: runs/ml-1m-FlexBPR
      hash: md5
      md5: 8974f488eb89d1a421daaf8540beb01d.dir
      size: 804166
      nfiles: 1
    - path: runs/ml-1m-FlexLMF
      hash: md5
      md5: dd47ede496d92d63f493c82ddd06e37d.dir
      size: 774465
      nfiles: 1
    - path: runs/ml-1m-FlexMF
      hash: md5
      md5: 98b670796f65842a4461c4cbff9a316d.dir
      size: 2956721
      nfiles: 2
    - path: runs/ml-1m-FlexWARP
      hash: md5
      md5: eecc09a5ca4b4f33171f8bf5166d37a4.dir
      size: 812716
      nfiles: 1
    - path: runs/ml-1m-IALS
      hash: md5
      md5: 4445dcce948fa774649b788319018351.dir
      size: 805729
      nfiles: 1
    - path: runs/ml-1m-IIE
      hash: md5
      md5: 17b05a8ae9c440347b17049be6fab7ae.dir
      size: 3107076
      nfiles: 2
    - path: runs/ml-1m-III
      hash: md5
      md5: 297256ece6629963a76afd3b913b9b3e.dir
      size: 773686
      nfiles: 1
    - path: runs/ml-1m-Pop
      hash: md5
      md5: 8583cad6ab4e810722f4fae2405ebd27.dir
      size: 151359
      nfiles: 1
    - path: runs/ml-1m-UUE
      hash: md5
      md5: e834ac58883a3e52829e6f2c61c4300f.dir
      size: 3104814
      nfiles: 2
    outs:
    - path: eval-metrics.ml-1m.json
      hash: md5
      md5: 2709444b3d29bb06f127bbcb556c6177
      size: 807
    - path: eval-report.ml-1m.ipynb
      hash: md5
      md5: b882faa00e3c288534a412cbc1ee22a6
      size: 295601
  eval-report@ml-10m:
    cmd: papermill -r dataset ml-10m eval-report.ipynb eval-report.ml-10m.ipynb
    deps:
    - path: eval-report.ipynb
      hash: md5
      md5: dbd9b53542875762fbe184aa3dd02dea
      size: 8943
    - path: runs/ml-10m-ALS
      hash: md5
      md5: beef1c898940ee743e2b06a24451c255.dir
      size: 25344057
      nfiles: 2
    - path: runs/ml-10m-Bias
      hash: md5
      md5: 0a11387efdc73aabc7817efeb0afba93.dir
      size: 25059849
      nfiles: 2
    - path: runs/ml-10m-FlexBPR
      hash: md5
      md5: 1ffd35a87240d40531d8cfaf5a0640e1.dir
      size: 2309648
      nfiles: 1
    - path: runs/ml-10m-FlexLMF
      hash: md5
      md5: e03aa534164fac43202064001fa38c02.dir
      size: 2274055
      nfiles: 1
    - path: runs/ml-10m-FlexMF
      hash: md5
      md5: b0daad11e79d4efe6558dc61628406b5.dir
      size: 22676783
      nfiles: 2
    - path: runs/ml-10m-FlexWARP
      hash: md5
      md5: d8f97463c725fd5312587bb6d604a542.dir
      size: 2385464
      nfiles: 1
    - path: runs/ml-10m-IALS
      hash: md5
      md5: 7840e4da9957079d8a8c0af730d3f31b.dir
      size: 2366657
      nfiles: 1
    - path: runs/ml-10m-IIE
      hash: md5
      md5: d779638b55258add358c6946b774e17e.dir
      size: 25365501
      nfiles: 2
    - path: runs/ml-10m-III
      hash: md5
      md5: 0d513db46d31d660f55f545b394320f4.dir
      size: 2261153
      nfiles: 1
    - path: runs/ml-10m-Pop
      hash: md5
      md5: 2414b35065c632f311741d71c3b3ef95.dir
      size: 623778
      nfiles: 1
    - path: runs/ml-10m-UUE
      hash: md5
      md5: 53ea9c1df3942c5f9897a58e76e0f888.dir
      size: 25329568
      nfiles: 2
    outs:
    - path: eval-metrics.ml-10m.json
      hash: md5
      md5: cad11d678aa0d8ab4c04c8b4272d4991
      size: 811
    - path: eval-report.ml-10m.ipynb
      hash: md5
      md5: 36246af76079aee8d5c9df4fbd8f0da8
      size: 290630
  eval-report@ml-20m:
    cmd: papermill -r dataset ml-20m eval-report.ipynb eval-report.ml-20m.ipynb
    deps:
    - path: eval-report.ipynb
      hash: md5
      md5: dbd9b53542875762fbe184aa3dd02dea
      size: 8943
    - path: runs/ml-20m-ALS
      hash: md5
      md5: e0e0925065ab02a57a446327cea93120.dir
      size: 51733831
      nfiles: 2
    - path: runs/ml-20m-Bias
      hash: md5
      md5: 23ecfab0fbabb181a213bd559b4b049e.dir
      size: 51240023
      nfiles: 2
    - path: runs/ml-20m-FlexBPR
      hash: md5
      md5: 597db0353ed1281412df7b734f196eda.dir
      size: 3898591
      nfiles: 1
    - path: runs/ml-20m-FlexLMF
      hash: md5
      md5: 042299703906a615432219984b1ede62.dir
      size: 3926608
      nfiles: 1
    - path: runs/ml-20m-FlexMF
      hash: md5
      md5: c3009c3e6632cd23061d01887a701d2c.dir
      size: 46548306
      nfiles: 2
    - path: runs/ml-20m-FlexWARP
      hash: md5
      md5: 51bf58448c6fcf9d779d6ddcf34be96d.dir
      size: 4154076
      nfiles: 1
    - path: runs/ml-20m-IALS
      hash: md5
      md5: 3e7ec2d6795855e5d7247c523ba3bdda.dir
      size: 4173979
      nfiles: 1
    - path: runs/ml-20m-IIE
      hash: md5
      md5: 73fd72d8298de507f5c229487fd0a522.dir
      size: 51825072
      nfiles: 2
    - path: runs/ml-20m-III
      hash: md5
      md5: 6555422118422ba8bd8ef5acb826556a.dir
      size: 3924693
      nfiles: 1
    - path: runs/ml-20m-Pop
      hash: md5
      md5: 60ffd3a735265fb0f4cc23f7b38ff378.dir
      size: 1102859
      nfiles: 1
    - path: runs/ml-20m-UUE
      hash: md5
      md5: 86b3795be82079766e685562428f8bcd.dir
      size: 51620087
      nfiles: 2
    outs:
    - path: eval-metrics.ml-20m.json
      hash: md5
      md5: ad256030794f7b4d61bc83ef5d822abe
      size: 805
    - path: eval-report.ml-20m.ipynb
      hash: md5
      md5: cd0beaa66a0debdbd5f50aec7d9291ab
      size: 292541
  eval-report@ml-25m:
    cmd: papermill -r dataset ml-25m eval-report.ipynb eval-report.ml-25m.ipynb
    deps:
    - path: eval-report.ipynb
      hash: md5
      md5: dbd9b53542875762fbe184aa3dd02dea
      size: 8943
    - path: runs/ml-25m-ALS
      hash: md5
      md5: d7353b1eedaca07343cc7d4070684749.dir
      size: 61657998
      nfiles: 2
    - path: runs/ml-25m-Bias
      hash: md5
      md5: 7b4b9051c940c645c30c71ff0028f18f.dir
      size: 60882438
      nfiles: 2
    - path: runs/ml-25m-FlexBPR
      hash: md5
      md5: 97d2143dff4fe57dd622938ee2d4b9ce.dir
      size: 4310541
      nfiles: 1
    - path: runs/ml-25m-FlexLMF
      hash: md5
      md5: 487c9df8f3e0ff7ef36239525ff796fe.dir
      size: 4311473
      nfiles: 1
    - path: runs/ml-25m-FlexMF
      hash: md5
      md5: 06a101ba42925d0dc822d6d20df336af.dir
      size: 54281070
      nfiles: 2
    - path: runs/ml-25m-FlexWARP
      hash: md5
      md5: 8c4b7756079646c841ddc30ac69a2574.dir
      size: 4817521
      nfiles: 1
    - path: runs/ml-25m-IALS
      hash: md5
      md5: 21757e218a28aced67f88f47d2c50232.dir
      size: 4742526
      nfiles: 1
    - path: runs/ml-25m-IIE
      hash: md5
      md5: 4e9a98e149b24b1bf85390b1b2a603a1.dir
      size: 61079919
      nfiles: 2
    - path: runs/ml-25m-III
      hash: md5
      md5: d399f4ddca1792400e1aeff19ba410fd.dir
      size: 4461638
      nfiles: 1
    - path: runs/ml-25m-Pop
      hash: md5
      md5: 0eedc69926367866a4a696589a4e06e0.dir
      size: 1085836
      nfiles: 1
    - path: runs/ml-25m-UUE
      hash: md5
      md5: 216fafb0ba646153cc126979938e7e3f.dir
      size: 60165203
      nfiles: 2
    outs:
    - path: eval-metrics.ml-25m.json
      hash: md5
      md5: 2082fc861725fce4f20874497dff21bc
      size: 801
    - path: eval-report.ml-25m.ipynb
      hash: md5
      md5: 36a290ab29529bd123fec6b92257b9c8
      size: 271933
  eval-report@ml-32m:
    cmd: papermill -r dataset ml-32m eval-report.ipynb eval-report.ml-32m.ipynb
    deps:
    - path: eval-report.ipynb
      hash: md5
      md5: dbd9b53542875762fbe184aa3dd02dea
      size: 8943
    - path: runs/ml-32m-ALS
      hash: md5
      md5: 1167d41bb656bd1f384f14dc80b37752.dir
      size: 77866635
      nfiles: 2
    - path: runs/ml-32m-Bias
      hash: md5
      md5: bd3f688080a5cf1d356831e572051734.dir
      size: 77016256
      nfiles: 2
    - path: runs/ml-32m-FlexBPR
      hash: md5
      md5: 3682e969e5f6c615a7047f52aa0e609f.dir
      size: 5273627
      nfiles: 1
    - path: runs/ml-32m-FlexLMF
      hash: md5
      md5: 392dbc5d7c171bac47cdf518ea499c8f.dir
      size: 5335444
      nfiles: 1
    - path: runs/ml-32m-FlexMF
      hash: md5
      md5: c6efbbd855ef7c73ecd3498422a30e55.dir
      size: 68505179
      nfiles: 2
    - path: runs/ml-32m-FlexWARP
      hash: md5
      md5: a1c87b8e16ec4d605494c30f63d4abef.dir
      size: 5893565
      nfiles: 1
    - path: runs/ml-32m-IALS
      hash: md5
      md5: 10f1324e58aaa8dcc88a8f45fd1070b5.dir
      size: 5799495
      nfiles: 1
    - path: runs/ml-32m-IIE
      hash: md5
      md5: 327fd30ffbf198ef6bfe534dc0e83e01.dir
      size: 77398346
      nfiles: 2
    - path: runs/ml-32m-III
      hash: md5
      md5: dbfffd5234c13799214e0a145645aed4.dir
      size: 5427520
      nfiles: 1
    - path: runs/ml-32m-Pop
      hash: md5
      md5: 3461e6a7640aed78e5294b33f9d6f5f0.dir
      size: 1373774
      nfiles: 1
    - path: runs/ml-32m-UUE
      hash: md5
      md5: 2c4a605d417ff71b29a7a3417667befd.dir
      size: 75658126
      nfiles: 2
    outs:
    - path: eval-metrics.ml-32m.json
      hash: md5
      md5: a2ff7ac5862fc801bf1138f9842565ee
      size: 805
    - path: eval-report.ml-32m.ipynb
      hash: md5
      md5: a295eb729c4a7a31135b63eee808d053
      size: 283153
  render-report@ml-100k:
    cmd: jupyter nbconvert --to html eval-report.ml-100k.ipynb
    deps:
    - path: eval-report.ml-100k.ipynb
      hash: md5
      md5: e67b0cdf05b7e0b9f732aeb1c374c916
      size: 185199
    outs:
    - path: eval-report.ml-100k.html
      hash: md5
      md5: 0112ef3c18cc0f765cf8c3a55702aa6a
      size: 458268
  render-report@ml-latest-small:
    cmd: jupyter nbconvert --to html eval-report.ml-latest-small.ipynb
    deps:
    - path: eval-report.ml-latest-small.ipynb
      hash: md5
      md5: c02f8ab587c8cfddb955bf6f49e8e3b4
      size: 187172
    outs:
    - path: eval-report.ml-latest-small.html
      hash: md5
      md5: 3ac34363fb04fc346ad148fc837602e4
      size: 460228
  render-report@ml-1m:
    cmd: jupyter nbconvert --to html eval-report.ml-1m.ipynb
    deps:
    - path: eval-report.ml-1m.ipynb
      hash: md5
      md5: b882faa00e3c288534a412cbc1ee22a6
      size: 295601
    outs:
    - path: eval-report.ml-1m.html
      hash: md5
      md5: 89db51a2fbc265de235f0b5d727a4997
      size: 568528
  render-report@ml-10m:
    cmd: jupyter nbconvert --to html eval-report.ml-10m.ipynb
    deps:
    - path: eval-report.ml-10m.ipynb
      hash: md5
      md5: 36246af76079aee8d5c9df4fbd8f0da8
      size: 290630
    outs:
    - path: eval-report.ml-10m.html
      hash: md5
      md5: 658a41340c254f3ac6afea7f139c3e9b
      size: 563694
  render-report@ml-20m:
    cmd: jupyter nbconvert --to html eval-report.ml-20m.ipynb
    deps:
    - path: eval-report.ml-20m.ipynb
      hash: md5
      md5: cd0beaa66a0debdbd5f50aec7d9291ab
      size: 292541
    outs:
    - path: eval-report.ml-20m.html
      hash: md5
      md5: 8d946e395338d862b1aff27065a2a570
      size: 565602
  render-report@ml-25m:
    cmd: jupyter nbconvert --to html eval-report.ml-25m.ipynb
    deps:
    - path: eval-report.ml-25m.ipynb
      hash: md5
      md5: 36a290ab29529bd123fec6b92257b9c8
      size: 271933
    outs:
    - path: eval-report.ml-25m.html
      hash: md5
      md5: 55b03cba249d2b060d7b516759e0f818
      size: 544858
  render-report@ml-32m:
    cmd: jupyter nbconvert --to html eval-report.ml-32m.ipynb
    deps:
    - path: eval-report.ml-32m.ipynb
      hash: md5
      md5: a295eb729c4a7a31135b63eee808d053
      size: 283153
    outs:
    - path: eval-report.ml-32m.html
      hash: md5
      md5: 19c12c8bcb597b26f856e858e5677c8e
      size: 556074
  generate-recs@ml-100k-flex-warp:
    cmd: python run-pipeline.py -d data-split/ml-100k -o runs/ml-100k/flex-warp 
      pipelines/flex-warp.toml
    deps:
    - path: data-split/ml-100k/
      hash: md5
      md5: c2c7a7f3cb3485f170b62bc6d8d8ae63.dir
      size: 630260
      nfiles: 6
    - path: pipelines/flex-warp.toml
      hash: md5
      md5: 168a6e18618c4b38de351ea012fd24f2
      size: 214
    - path: run-pipeline.py
      hash: md5
      md5: 80984bac22ecdb3254e9e3943cb0a613
      size: 2485
    outs:
    - path: runs/ml-100k/flex-warp/
      hash: md5
      md5: 02f1f3a5d4716c51cf783c06d295429e.dir
      size: 77464
      nfiles: 1
  generate-recs@ml-100k-iknn-implicit:
    cmd: python run-pipeline.py -d data-split/ml-100k -o 
      runs/ml-100k/iknn-implicit pipelines/iknn-implicit.toml
    deps:
    - path: data-split/ml-100k/
      hash: md5
      md5: c2c7a7f3cb3485f170b62bc6d8d8ae63.dir
      size: 630260
      nfiles: 6
    - path: pipelines/iknn-implicit.toml
      hash: md5
      md5: c4c3a2bf99f16305eb4c96e02632bba8
      size: 210
    - path: run-pipeline.py
      hash: md5
      md5: 80984bac22ecdb3254e9e3943cb0a613
      size: 2485
    outs:
    - path: runs/ml-100k/iknn-implicit/
      hash: md5
      md5: 582a16d280d1500bf50219630e359b62.dir
      size: 71750
      nfiles: 1
  generate-recs@ml-100k-als-implicit:
    cmd: python run-pipeline.py -d data-split/ml-100k -o 
      runs/ml-100k/als-implicit pipelines/als-implicit.toml
    deps:
    - path: data-split/ml-100k/
      hash: md5
      md5: c2c7a7f3cb3485f170b62bc6d8d8ae63.dir
      size: 630260
      nfiles: 6
    - path: pipelines/als-implicit.toml
      hash: md5
      md5: d745876aa50f1dace3f71257ab4425a2
      size: 166
    - path: run-pipeline.py
      hash: md5
      md5: 80984bac22ecdb3254e9e3943cb0a613
      size: 2485
    outs:
    - path: runs/ml-100k/als-implicit/
      hash: md5
      md5: 9680cf8349b941a68ce8a12f22de2a2f.dir
      size: 76034
      nfiles: 1
  generate-recs@ml-100k-bias:
    cmd: python run-pipeline.py -d data-split/ml-100k -o runs/ml-100k/bias 
      pipelines/bias.toml
    deps:
    - path: data-split/ml-100k/
      hash: md5
      md5: c2c7a7f3cb3485f170b62bc6d8d8ae63.dir
      size: 630260
      nfiles: 6
    - path: pipelines/bias.toml
      hash: md5
      md5: 6bdb955271198f3bdc26f27fa3ba1869
      size: 154
    - path: run-pipeline.py
      hash: md5
      md5: 80984bac22ecdb3254e9e3943cb0a613
      size: 2485
    outs:
    - path: runs/ml-100k/bias/
      hash: md5
      md5: a190ff678b3d78a66bb3f6fa86185c94.dir
      size: 103659
      nfiles: 2
  generate-recs@ml-100k-popular:
    cmd: python run-pipeline.py -d data-split/ml-100k -o runs/ml-100k/popular 
      pipelines/popular.toml
    deps:
    - path: data-split/ml-100k/
      hash: md5
      md5: c2c7a7f3cb3485f170b62bc6d8d8ae63.dir
      size: 630260
      nfiles: 6
    - path: pipelines/popular.toml
      hash: md5
      md5: ed104618e25c8749e84674e64a05a706
      size: 108
    - path: run-pipeline.py
      hash: md5
      md5: 80984bac22ecdb3254e9e3943cb0a613
      size: 2485
    outs:
    - path: runs/ml-100k/popular/
      hash: md5
      md5: b2007ecf062aa80df3b4246ed8f9b733.dir
      size: 23586
      nfiles: 1
  generate-recs@ml-100k-iknn-explicit:
    cmd: python run-pipeline.py -d data-split/ml-100k -o 
      runs/ml-100k/iknn-explicit pipelines/iknn-explicit.toml
    deps:
    - path: data-split/ml-100k/
      hash: md5
      md5: c2c7a7f3cb3485f170b62bc6d8d8ae63.dir
      size: 630260
      nfiles: 6
    - path: pipelines/iknn-explicit.toml
      hash: md5
      md5: e213003d60a9bcb6d10ae37c2d8f1565
      size: 218
    - path: run-pipeline.py
      hash: md5
      md5: 80984bac22ecdb3254e9e3943cb0a613
      size: 2485
    outs:
    - path: runs/ml-100k/iknn-explicit/
      hash: md5
      md5: 32b4c23adca78aedbc505b2182800260.dir
      size: 112612
      nfiles: 2
  generate-recs@ml-100k-uknn-explicit:
    cmd: python run-pipeline.py -d data-split/ml-100k -o 
      runs/ml-100k/uknn-explicit pipelines/uknn-explicit.toml
    deps:
    - path: data-split/ml-100k/
      hash: md5
      md5: c2c7a7f3cb3485f170b62bc6d8d8ae63.dir
      size: 630260
      nfiles: 6
    - path: pipelines/uknn-explicit.toml
      hash: md5
      md5: 31896a613b62c761240175b6a1a0ba7e
      size: 201
    - path: run-pipeline.py
      hash: md5
      md5: 80984bac22ecdb3254e9e3943cb0a613
      size: 2485
    outs:
    - path: runs/ml-100k/uknn-explicit/
      hash: md5
      md5: cd8d5fbee7f55a239e7a33004fda3669.dir
      size: 110247
      nfiles: 2
  generate-recs@ml-100k-uknn-implicit:
    cmd: python run-pipeline.py -d data-split/ml-100k -o 
      runs/ml-100k/uknn-implicit pipelines/uknn-implicit.toml
    deps:
    - path: data-split/ml-100k/
      hash: md5
      md5: c2c7a7f3cb3485f170b62bc6d8d8ae63.dir
      size: 630260
      nfiles: 6
    - path: pipelines/uknn-implicit.toml
      hash: md5
      md5: 194860c7359585e6141bf686b3c8d3f6
      size: 193
    - path: run-pipeline.py
      hash: md5
      md5: 80984bac22ecdb3254e9e3943cb0a613
      size: 2485
    outs:
    - path: runs/ml-100k/uknn-implicit/
      hash: md5
      md5: e7b19bf8489719859d12b38ba83e01be.dir
      size: 74813
      nfiles: 1
  generate-recs@ml-100k-als-explicit:
    cmd: python run-pipeline.py -d data-split/ml-100k -o 
      runs/ml-100k/als-explicit pipelines/als-explicit.toml
    deps:
    - path: data-split/ml-100k/
      hash: md5
      md5: c2c7a7f3cb3485f170b62bc6d8d8ae63.dir
      size: 630260
      nfiles: 6
    - path: pipelines/als-explicit.toml
      hash: md5
      md5: 99265954ae6680a6d0761a9b0a2862d4
      size: 172
    - path: run-pipeline.py
      hash: md5
      md5: 80984bac22ecdb3254e9e3943cb0a613
      size: 2485
    outs:
    - path: runs/ml-100k/als-explicit/
      hash: md5
      md5: 3a50370c33cdfcd87ca71549c5f83d17.dir
      size: 110854
      nfiles: 2
  generate-recs@ml-100k-flex-explicit:
    cmd: python run-pipeline.py -d data-split/ml-100k -o 
      runs/ml-100k/flex-explicit pipelines/flex-explicit.toml
    deps:
    - path: data-split/ml-100k/
      hash: md5
      md5: c2c7a7f3cb3485f170b62bc6d8d8ae63.dir
      size: 630260
      nfiles: 6
    - path: pipelines/flex-explicit.toml
      hash: md5
      md5: 3d5ec38b202a299ca44c39eaa4ffdc94
      size: 194
    - path: run-pipeline.py
      hash: md5
      md5: 80984bac22ecdb3254e9e3943cb0a613
      size: 2485
    outs:
    - path: runs/ml-100k/flex-explicit/
      hash: md5
      md5: 93225932a667365e821485a27113e7b7.dir
      size: 113883
      nfiles: 2
  generate-recs@ml-100k-flex-logistic:
    cmd: python run-pipeline.py -d data-split/ml-100k -o 
      runs/ml-100k/flex-logistic pipelines/flex-logistic.toml
    deps:
    - path: data-split/ml-100k/
      hash: md5
      md5: c2c7a7f3cb3485f170b62bc6d8d8ae63.dir
      size: 630260
      nfiles: 6
    - path: pipelines/flex-logistic.toml
      hash: md5
      md5: e406e5aa8ab2fd7645cf3b6416d8549c
      size: 204
    - path: run-pipeline.py
      hash: md5
      md5: 80984bac22ecdb3254e9e3943cb0a613
      size: 2485
    outs:
    - path: runs/ml-100k/flex-logistic/
      hash: md5
      md5: 25d7c4379c127a58d281d80209525ba3.dir
      size: 77580
      nfiles: 1
  generate-recs@ml-100k-flex-bpr:
    cmd: python run-pipeline.py -d data-split/ml-100k -o runs/ml-100k/flex-bpr 
      pipelines/flex-bpr.toml
    deps:
    - path: data-split/ml-100k/
      hash: md5
      md5: c2c7a7f3cb3485f170b62bc6d8d8ae63.dir
      size: 630260
      nfiles: 6
    - path: pipelines/flex-bpr.toml
      hash: md5
      md5: d5e115219972f27d4f682dd5a136fd55
      size: 217
    - path: run-pipeline.py
      hash: md5
      md5: 80984bac22ecdb3254e9e3943cb0a613
      size: 2485
    outs:
    - path: runs/ml-100k/flex-bpr/
      hash: md5
      md5: 345cf812eaa83ace2b5cd5d77c47c01f.dir
      size: 77898
      nfiles: 1
  generate-recs@ml-10m-uknn-implicit:
    cmd: python run-pipeline.py -d data/ml-10m -o runs/ml-10m/uknn-implicit 
      pipelines/uknn-implicit.toml
    deps:
    - path: data/ml-10m/
      hash: md5
      md5: 095f5e7176a5019f849ed265348cd3f7.dir
      size: 78748477
      nfiles: 5
    - path: pipelines/uknn-implicit.toml
      hash: md5
      md5: 194860c7359585e6141bf686b3c8d3f6
      size: 193
    - path: run-pipeline.py
      hash: md5
      md5: d5d8924ba2f60591fba98be14959464c
      size: 2538
    outs:
    - path: runs/ml-10m/uknn-implicit/
      hash: md5
      md5: 0079fb4e9aa1e1335c8823cf3758a69c.dir
      size: 2372370
      nfiles: 1
  generate-recs@ml-10m-uknn-explicit:
    cmd: python run-pipeline.py -d data/ml-10m -o runs/ml-10m/uknn-explicit 
      pipelines/uknn-explicit.toml
    deps:
    - path: data/ml-10m/
      hash: md5
      md5: 095f5e7176a5019f849ed265348cd3f7.dir
      size: 78748477
      nfiles: 5
    - path: pipelines/uknn-explicit.toml
      hash: md5
      md5: 31896a613b62c761240175b6a1a0ba7e
      size: 201
    - path: run-pipeline.py
      hash: md5
      md5: 53cce434179841515054bfbc6f6aac4d
      size: 2625
    outs:
    - path: runs/ml-10m/uknn-explicit/
      hash: md5
      md5: 052e5c8134a7b3ed4b0bd2807d4fb743.dir
      size: 25306267
      nfiles: 2
  generate-recs@ml-10m-iknn-explicit:
    cmd: python run-pipeline.py -d data/ml-10m -o runs/ml-10m/iknn-explicit 
      pipelines/iknn-explicit.toml
    deps:
    - path: data/ml-10m/
      hash: md5
      md5: 095f5e7176a5019f849ed265348cd3f7.dir
      size: 78748477
      nfiles: 5
    - path: pipelines/iknn-explicit.toml
      hash: md5
      md5: e213003d60a9bcb6d10ae37c2d8f1565
      size: 218
    - path: run-pipeline.py
      hash: md5
      md5: 2bca6468c33e61a2967c76b2010d4a9a
      size: 2581
    outs:
    - path: runs/ml-10m/iknn-explicit/
      hash: md5
      md5: 55f14727c77e7bd565a51d769ec6b4d0.dir
      size: 7126203
      nfiles: 2
  generate-recs@ml-10m-flex-logistic:
    cmd: python run-pipeline.py -d data/ml-10m -o runs/ml-10m/flex-logistic 
      pipelines/flex-logistic.toml
    deps:
    - path: data/ml-10m/
      hash: md5
      md5: 095f5e7176a5019f849ed265348cd3f7.dir
      size: 78748477
      nfiles: 5
    - path: pipelines/flex-logistic.toml
      hash: md5
      md5: e406e5aa8ab2fd7645cf3b6416d8549c
      size: 204
    - path: run-pipeline.py
      hash: md5
      md5: 2bca6468c33e61a2967c76b2010d4a9a
      size: 2581
    outs:
    - path: runs/ml-10m/flex-logistic/
      hash: md5
      md5: 44aade21f0110f77baa79f6580bec93e.dir
      size: 2258447
      nfiles: 1
  generate-recs@ml-10m-als-implicit:
    cmd: python run-pipeline.py -d data/ml-10m -o runs/ml-10m/als-implicit 
      pipelines/als-implicit.toml
    deps:
    - path: data/ml-10m/
      hash: md5
      md5: 095f5e7176a5019f849ed265348cd3f7.dir
      size: 78748477
      nfiles: 5
    - path: pipelines/als-implicit.toml
      hash: md5
      md5: d745876aa50f1dace3f71257ab4425a2
      size: 166
    - path: run-pipeline.py
      hash: md5
      md5: 2bca6468c33e61a2967c76b2010d4a9a
      size: 2581
    outs:
    - path: runs/ml-10m/als-implicit/
      hash: md5
      md5: e23dc13810d49121ebf6b5dc9d34fc37.dir
      size: 2234820
      nfiles: 1
  generate-recs@ml-10m-flex-explicit:
    cmd: python run-pipeline.py -d data/ml-10m -o runs/ml-10m/flex-explicit 
      pipelines/flex-explicit.toml
    deps:
    - path: data/ml-10m/
      hash: md5
      md5: 095f5e7176a5019f849ed265348cd3f7.dir
      size: 78748477
      nfiles: 5
    - path: pipelines/flex-explicit.toml
      hash: md5
      md5: 3d5ec38b202a299ca44c39eaa4ffdc94
      size: 194
    - path: run-pipeline.py
      hash: md5
      md5: 2bca6468c33e61a2967c76b2010d4a9a
      size: 2581
    outs:
    - path: runs/ml-10m/flex-explicit/
      hash: md5
      md5: 855c5369ca8b2683f876c960e0e9dc32.dir
      size: 7101854
      nfiles: 2
  generate-recs@ml-10m-als-explicit:
    cmd: python run-pipeline.py -d data/ml-10m -o runs/ml-10m/als-explicit 
      pipelines/als-explicit.toml
    deps:
    - path: data/ml-10m/
      hash: md5
      md5: 095f5e7176a5019f849ed265348cd3f7.dir
      size: 78748477
      nfiles: 5
    - path: pipelines/als-explicit.toml
      hash: md5
      md5: 99265954ae6680a6d0761a9b0a2862d4
      size: 172
    - path: run-pipeline.py
      hash: md5
      md5: 2bca6468c33e61a2967c76b2010d4a9a
      size: 2581
    outs:
    - path: runs/ml-10m/als-explicit/
      hash: md5
      md5: 14d9bb7b2763b8e1515e4df8ebab5263.dir
      size: 7009668
      nfiles: 2
  generate-recs@ml-10m-flex-warp:
    cmd: python run-pipeline.py -d data/ml-10m -o runs/ml-10m/flex-warp 
      pipelines/flex-warp.toml
    deps:
    - path: data/ml-10m/
      hash: md5
      md5: 095f5e7176a5019f849ed265348cd3f7.dir
      size: 78748477
      nfiles: 5
    - path: pipelines/flex-warp.toml
      hash: md5
      md5: 168a6e18618c4b38de351ea012fd24f2
      size: 214
    - path: run-pipeline.py
      hash: md5
      md5: 2bca6468c33e61a2967c76b2010d4a9a
      size: 2581
    outs:
    - path: runs/ml-10m/flex-warp/
      hash: md5
      md5: bfe566aec600381f984dc37808ab8433.dir
      size: 2289614
      nfiles: 1
  generate-recs@ml-10m-flex-bpr:
    cmd: python run-pipeline.py -d data/ml-10m -o runs/ml-10m/flex-bpr 
      pipelines/flex-bpr.toml
    deps:
    - path: data/ml-10m/
      hash: md5
      md5: 095f5e7176a5019f849ed265348cd3f7.dir
      size: 78748477
      nfiles: 5
    - path: pipelines/flex-bpr.toml
      hash: md5
      md5: d5e115219972f27d4f682dd5a136fd55
      size: 217
    - path: run-pipeline.py
      hash: md5
      md5: 2bca6468c33e61a2967c76b2010d4a9a
      size: 2581
    outs:
    - path: runs/ml-10m/flex-bpr/
      hash: md5
      md5: d26d4ad60e7cbefe10178d13af599f8c.dir
      size: 2292749
      nfiles: 1
  generate-recs@ml-10m-iknn-implicit:
    cmd: python run-pipeline.py -d data/ml-10m -o runs/ml-10m/iknn-implicit 
      pipelines/iknn-implicit.toml
    deps:
    - path: data/ml-10m/
      hash: md5
      md5: 095f5e7176a5019f849ed265348cd3f7.dir
      size: 78748477
      nfiles: 5
    - path: pipelines/iknn-implicit.toml
      hash: md5
      md5: c4c3a2bf99f16305eb4c96e02632bba8
      size: 210
    - path: run-pipeline.py
      hash: md5
      md5: 2bca6468c33e61a2967c76b2010d4a9a
      size: 2581
    outs:
    - path: runs/ml-10m/iknn-implicit/
      hash: md5
      md5: 5b2cba9346e93efdf3dcdc7d68e1b65f.dir
      size: 2120706
      nfiles: 1
  generate-recs@ml-10m-bias:
    cmd: python run-pipeline.py -d data/ml-10m -o runs/ml-10m/bias 
      pipelines/bias.toml
    deps:
    - path: data/ml-10m/
      hash: md5
      md5: 095f5e7176a5019f849ed265348cd3f7.dir
      size: 78748477
      nfiles: 5
    - path: pipelines/bias.toml
      hash: md5
      md5: 6bdb955271198f3bdc26f27fa3ba1869
      size: 154
    - path: run-pipeline.py
      hash: md5
      md5: 2bca6468c33e61a2967c76b2010d4a9a
      size: 2581
    outs:
    - path: runs/ml-10m/bias/
      hash: md5
      md5: 77e89488c1edbd5a0e901464a1a04206.dir
      size: 6711598
      nfiles: 2
  generate-recs@ml-10m-popular:
    cmd: python run-pipeline.py -d data/ml-10m -o runs/ml-10m/popular 
      pipelines/popular.toml
    deps:
    - path: data/ml-10m/
      hash: md5
      md5: 095f5e7176a5019f849ed265348cd3f7.dir
      size: 78748477
      nfiles: 5
    - path: pipelines/popular.toml
      hash: md5
      md5: ed104618e25c8749e84674e64a05a706
      size: 108
    - path: run-pipeline.py
      hash: md5
      md5: 2bca6468c33e61a2967c76b2010d4a9a
      size: 2581
    outs:
    - path: runs/ml-10m/popular/
      hash: md5
      md5: ff7888a3f80ec5f737a88b779aedd690.dir
      size: 521764
      nfiles: 1
  split-data@ml-100k:
    cmd: lenskit data split --fraction=0.2 --min-train-interactions=1 -d 
      data-split/ml-100k data/ml-100k
    deps:
    - path: data/ml-100k/
      hash: md5
      md5: de14113b10f15d7058eee60d7b0b739b.dir
      size: 745096
      nfiles: 5
    outs:
    - path: data-split/ml-100k/
      hash: md5
      md5: c2c7a7f3cb3485f170b62bc6d8d8ae63.dir
      size: 630260
      nfiles: 6
  split-data@ml-1m:
    cmd: lenskit data split --fraction=0.2 --min-train-interactions=1 -d 
      data-split/ml-1m data/ml-1m
    deps:
    - path: data/ml-1m/
      hash: md5
      md5: f4dc570d3cd4e6e2d7af3e657a64ca10.dir
      size: 6100414
      nfiles: 5
    outs:
    - path: data-split/ml-1m/
      hash: md5
      md5: 5c017bfa97785a2f1d9632d8b43f66e0.dir
      size: 5716034
      nfiles: 6
  split-data@ml-latest-small:
    cmd: lenskit data split --fraction=0.2 --min-train-interactions=1 -d 
      data-split/ml-latest-small data/ml-latest-small
    deps:
    - path: data/ml-latest-small/
      hash: md5
      md5: 2a947c6d21143f791191c7227f8ede66.dir
      size: 1270407
      nfiles: 5
    outs:
    - path: data-split/ml-latest-small/
      hash: md5
      md5: ccc7fad412d02653202f48a82db8e274.dir
      size: 1060642
      nfiles: 6
  split-data@ml-20m:
    cmd: lenskit data split --fraction=0.2 --min-train-interactions=1 -d 
      data-split/ml-20m data/ml-20m
    deps:
    - path: data/ml-20m/
      hash: md5
      md5: d5afeba88291bc14466ab9106a3bee84.dir
      size: 184781314
      nfiles: 5
    outs:
    - path: data-split/ml-20m/
      hash: md5
      md5: a629420f3708402eebafece534c52fa3.dir
      size: 152485897
      nfiles: 6
  split-data@ml-10m:
    cmd: lenskit data split --fraction=0.2 --min-train-interactions=1 -d 
      data-split/ml-10m data/ml-10m
    deps:
    - path: data/ml-10m/
      hash: md5
      md5: 1edcc448b436421c67171399c48a2861.dir
      size: 78909943
      nfiles: 5
    outs:
    - path: data-split/ml-10m/
      hash: md5
      md5: faeca257b9a946a83aaa06cec43383bc.dir
      size: 62642873
      nfiles: 6
  split-data@ml-25m:
    cmd: lenskit data split --fraction=0.2 --min-train-interactions=1 -d 
      data-split/ml-25m data/ml-25m
    deps:
    - path: data/ml-25m/
      hash: md5
      md5: 83f1e71df12d9c6e39daad797c973550.dir
      size: 241615646
      nfiles: 5
    outs:
    - path: data-split/ml-25m/
      hash: md5
      md5: ea2ccbe3c4bc5d3c282ef7b32ff5bd39.dir
      size: 201864157
      nfiles: 6
  split-data@ml-32m:
    cmd: lenskit data split --fraction=0.2 --min-train-interactions=1 -d 
      data-split/ml-32m data/ml-32m
    deps:
    - path: data/ml-32m/
      hash: md5
      md5: acb2e9bc81d7043926bbc23da5dd858d.dir
      size: 284587195
      nfiles: 5
    outs:
    - path: data-split/ml-32m/
      hash: md5
      md5: e1e0ed4ffec3352ed2a67190d076beee.dir
      size: 234856322
      nfiles: 6
