schema: '2.0'
stages:
  eval-report-ml100k:
    cmd: papermill -r dataset ml100k eval-report.ipynb eval-report.ml100k.ipynb
    deps:
    - path: eval-report.ipynb
      hash: md5
      md5: 5f6e67c57bb139ed1f3282601a615b0c
      size: 7650
    - path: runs/ml100k-ALS
      hash: md5
      md5: ba7a79aa77d783aa6ec7c4480717f1b2.dir
      size: 1103432
      nfiles: 10
    - path: runs/ml100k-Bias
      hash: md5
      md5: 6140e62c43cd985151d5fc31742f87f3.dir
      size: 620117
      nfiles: 10
    - path: runs/ml100k-IALS
      hash: md5
      md5: f887db63ff04a57259787fe540059045.dir
      size: 1037281
      nfiles: 5
    - path: runs/ml100k-IIE
      hash: md5
      md5: d5c29d0edace2790ee5c3abf940e1b15.dir
      size: 701004
      nfiles: 10
    - path: runs/ml100k-III
      hash: md5
      md5: 33fb9d411d35ed2541dec86dd5e96631.dir
      size: 627245
      nfiles: 5
    - path: runs/ml100k-Pop
      hash: md5
      md5: c43d752cb17cd51cb5345675001ae27c.dir
      size: 163803
      nfiles: 5
    - path: runs/ml100k-UUE
      hash: md5
      md5: 6b74d73421199c932085bdb2a6e20aa9.dir
      size: 681121
      nfiles: 10
    outs:
    - path: eval-report.ml100k.ipynb
      hash: md5
      md5: d1ee4c13858f196e3f033b1edbd6cee2
      size: 65508
  eval-report-mlsmall:
    cmd: papermill -r dataset mlsmall eval-report.ipynb eval-report.mlsmall.ipynb
    deps:
    - path: eval-report.ipynb
      md5: cc3fe6cac16cf204d97c2f0791b0e188
      size: 13296
    - path: runs/mlsmall-ALS
      md5: f2f1655d5868e3ae9b3ea6c797573f54.dir
      size: 855162
      nfiles: 10
    - path: runs/mlsmall-Bias
      md5: 2e81e75b435524dbcc1f238cbc9997e7.dir
      size: 784716
      nfiles: 10
    - path: runs/mlsmall-IALS
      md5: 7f0251d1ea2e5b9413165bf93eab128c.dir
      size: 882978
      nfiles: 10
    - path: runs/mlsmall-IIE
      md5: 610d2fb0f27e03b3d87264529b682a97.dir
      size: 831508
      nfiles: 10
    - path: runs/mlsmall-III
      md5: f4ecbe6d3d0b6c3e761f30ee1f694062.dir
      size: 837544
      nfiles: 10
    - path: runs/mlsmall-Pop
      md5: 40afe1eb5bc0cb3c00a6643eec498860.dir
      size: 270443
      nfiles: 5
    - path: runs/mlsmall-UUE
      md5: 40cb87dbab4324167b2cc48f7a7fdff6.dir
      size: 567281
      nfiles: 10
    outs:
    - path: eval-report.mlsmall.ipynb
      md5: 0755e27d4cc3e4ad5b23d59b6b752361
      size: 96422
  eval-report-ml1m:
    cmd: papermill -r dataset ml1m eval-report.ipynb eval-report.ml1m.ipynb
    deps:
    - path: eval-report.ipynb
      md5: cc3fe6cac16cf204d97c2f0791b0e188
      size: 13296
    - path: runs/ml1m-ALS
      md5: 9e1389b93853b37e42635409906f71b1.dir
      size: 8258721
      nfiles: 10
    - path: runs/ml1m-Bias
      md5: 783c9c938b92b07c613daecc9a718f3a.dir
      size: 8050097
      nfiles: 10
    - path: runs/ml1m-IALS
      md5: fff2ffe79f9b00e9f920e882ca5f6ac2.dir
      size: 8653593
      nfiles: 10
    - path: runs/ml1m-IIE
      md5: b367b8a8a32e04646f9cfaf3c7c3a42e.dir
      size: 8318600
      nfiles: 10
    - path: runs/ml1m-III
      md5: 43cc1af19886ca6eb3586a46eae37e32.dir
      size: 8411913
      nfiles: 10
    - path: runs/ml1m-Pop
      md5: a666f1ea9ba28ebcdeb9994c17486191.dir
      size: 2759981
      nfiles: 5
    - path: runs/ml1m-UUE
      md5: 4c61988db49c98aabc934c876b01df89.dir
      size: 8241530
      nfiles: 10
    outs:
    - path: eval-report.ml1m.ipynb
      md5: e2c15cc6133048332c1146a5dba7bdf9
      size: 99342
  eval-report-ml10m:
    cmd: papermill -r dataset ml10m eval-report.ipynb eval-report.ml10m.ipynb
    deps:
    - path: eval-report.ipynb
      md5: cc3fe6cac16cf204d97c2f0791b0e188
      size: 13296
    - path: runs/ml10m-ALS
      md5: e77645166737d13782cd31ed6371e02c.dir
      size: 97299436
      nfiles: 10
    - path: runs/ml10m-Bias
      md5: 5bd29718539ce09f6954713a73baeccd.dir
      size: 93037150
      nfiles: 10
    - path: runs/ml10m-IALS
      md5: b56a8e20db6763ccf5f95026228d2876.dir
      size: 101225639
      nfiles: 10
    - path: runs/ml10m-IIE
      md5: 69ad12861282f7cae86158a37710b245.dir
      size: 99800658
      nfiles: 10
    - path: runs/ml10m-III
      md5: cd995b8c32ff66e1e47faa20937ca1c9.dir
      size: 98620898
      nfiles: 10
    - path: runs/ml10m-Pop
      md5: 79f0ae9d7e027dcd9607c87fe641b746.dir
      size: 32011416
      nfiles: 5
    - path: runs/ml10m-UUE
      md5: 373ba97825fd8d2585c4333244215dac.dir
      size: 95332322
      nfiles: 10
    outs:
    - path: eval-report.ml10m.ipynb
      md5: b1ac9de1e3fe169e3d82770df74555f4
      size: 99708
  eval-report-ml20m:
    cmd: papermill -r dataset ml20m eval-report.ipynb eval-report.ml20m.ipynb
    deps:
    - path: eval-report.ipynb
      md5: cc3fe6cac16cf204d97c2f0791b0e188
      size: 13296
    - path: runs/ml20m-ALS
      md5: 0e7978aaf507dc465de91f192306e8d4.dir
      size: 197539849
      nfiles: 10
    - path: runs/ml20m-Bias
      md5: 68c3914a88cf2732dd6b21c7606d6deb.dir
      size: 186159023
      nfiles: 10
    - path: runs/ml20m-IALS
      md5: 3be730814609f09ec178049e7fd07db9.dir
      size: 202257650
      nfiles: 10
    - path: runs/ml20m-IIE
      md5: 1549013a4e7c924cbf1f2b9f7a9b82e6.dir
      size: 196469005
      nfiles: 10
    - path: runs/ml20m-III
      md5: 3691df7eae981c6868ef9e4ce0579b9c.dir
      size: 196737003
      nfiles: 10
    - path: runs/ml20m-Pop
      md5: fd74579c1fcf66c5b5d0c7e800f1e347.dir
      size: 63463349
      nfiles: 5
    - path: runs/ml20m-UUE
      md5: 823bfdf4a783423765a9b50d2b9f7cca.dir
      size: 159565629
      nfiles: 10
    outs:
    - path: eval-report.ml20m.ipynb
      md5: 79142d468c345e8b390ae8fb339ef14f
      size: 97972
  eval-report-template:
    cmd: jupytext --to ipynb eval-report.md
    deps:
    - path: eval-report.md
      hash: md5
      md5: ce9d75040ed540b998be7f8f9ccfb5db
      size: 4175
    outs:
    - path: eval-report.ipynb
      hash: md5
      md5: b9118391f86d1a2f07479989906d2c31
      size: 8079
  eval-report@ml100k:
    cmd: papermill -r dataset ml100k eval-report.ipynb eval-report.ml100k.ipynb
    deps:
    - path: eval-report.ipynb
      hash: md5
      md5: b9118391f86d1a2f07479989906d2c31
      size: 8079
    - path: runs/ml100k-ALS
      hash: md5
      md5: 51333fd2f723528eec7d960b149f7a75.dir
      size: 681891
      nfiles: 10
    - path: runs/ml100k-Bias
      hash: md5
      md5: 51f18f51d11f9a19272a73d7f8a392bd.dir
      size: 596465
      nfiles: 10
    - path: runs/ml100k-IALS
      hash: md5
      md5: e85d958a6ccb703dc833dbaa93cd641a.dir
      size: 650209
      nfiles: 5
    - path: runs/ml100k-IIE
      hash: md5
      md5: 1c6e08306c457ebfacf8dcb85eb15230.dir
      size: 681659
      nfiles: 10
    - path: runs/ml100k-III
      hash: md5
      md5: f490659aaa9c238197dc3af15aef4de5.dir
      size: 629029
      nfiles: 5
    - path: runs/ml100k-Pop
      hash: md5
      md5: e55cc1f33460b1bb662d195b4ca3b2f3.dir
      size: 144525
      nfiles: 5
    - path: runs/ml100k-UUE
      hash: md5
      md5: 2502d2fa987d8f4687aeca947e907d8b.dir
      size: 661541
      nfiles: 10
    outs:
    - path: eval-metrics.ml100k.json
      hash: md5
      md5: 1cc3b03c69907da4e43c37a921ed7aec
      size: 505
    - path: eval-report.ml100k.ipynb
      hash: md5
      md5: 0b1b7a2814c83865cb5ec03c8d167629
      size: 76045
  eval-report@mlsmall:
    cmd: papermill -r dataset mlsmall eval-report.ipynb eval-report.mlsmall.ipynb
    deps:
    - path: eval-report.ipynb
      hash: md5
      md5: b9118391f86d1a2f07479989906d2c31
      size: 8079
    - path: runs/mlsmall-ALS
      hash: md5
      md5: 356e3ffddd8f682efe7c8f5c234bf9cc.dir
      size: 460749
      nfiles: 10
    - path: runs/mlsmall-Bias
      hash: md5
      md5: 6dd45af7b491f759a4ce49d247389578.dir
      size: 375200
      nfiles: 10
    - path: runs/mlsmall-IALS
      hash: md5
      md5: ac6b00c6180cce83a4228b5260639452.dir
      size: 430446
      nfiles: 5
    - path: runs/mlsmall-IIE
      hash: md5
      md5: ac4f2d29a697a16c5e63f403902c061c.dir
      size: 445597
      nfiles: 10
    - path: runs/mlsmall-III
      hash: md5
      md5: 18a983cc7b478463817bccc146e791f1.dir
      size: 405850
      nfiles: 5
    - path: runs/mlsmall-Pop
      hash: md5
      md5: e180a19b2f436c79f42be5e85bb50dee.dir
      size: 93502
      nfiles: 5
    - path: runs/mlsmall-UUE
      hash: md5
      md5: 7a673d074fa64f1480d75e52b1cc33e4.dir
      size: 298102
      nfiles: 10
    outs:
    - path: eval-metrics.mlsmall.json
      hash: md5
      md5: 935a8276fed5c13d914970716fa5eeed
      size: 496
    - path: eval-report.mlsmall.ipynb
      hash: md5
      md5: f602d1400f845a84d2015012fb3f8eef
      size: 74025
  eval-report@ml1m:
    cmd: papermill -r dataset ml1m eval-report.ipynb eval-report.ml1m.ipynb
    deps:
    - path: eval-report.ipynb
      hash: md5
      md5: b9118391f86d1a2f07479989906d2c31
      size: 8079
    - path: runs/ml1m-ALS
      hash: md5
      md5: 39ab003b9e7ebc993ff52d3cc71a3e99.dir
      size: 4397875
      nfiles: 10
    - path: runs/ml1m-Bias
      hash: md5
      md5: a4712d09d8c9c6f05e591a5f6bc73714.dir
      size: 3827662
      nfiles: 10
    - path: runs/ml1m-IALS
      hash: md5
      md5: 371fb140613bc28051b87c0d298c8344.dir
      size: 4221216
      nfiles: 5
    - path: runs/ml1m-IIE
      hash: md5
      md5: 9739853b69003a1e5c1c99751cc1636b.dir
      size: 4425470
      nfiles: 10
    - path: runs/ml1m-III
      hash: md5
      md5: 6fece1fd15615befaadd003424847eb8.dir
      size: 4070867
      nfiles: 5
    - path: runs/ml1m-Pop
      hash: md5
      md5: ac60ac5b53e5daee15b6d8d9f310ff11.dir
      size: 668801
      nfiles: 5
    - path: runs/ml1m-UUE
      hash: md5
      md5: 3caa2ca1a309e25cd8f55a154a101a30.dir
      size: 4411203
      nfiles: 10
    outs:
    - path: eval-metrics.ml1m.json
      hash: md5
      md5: b5cd2e322064f501ae695580b53766af
      size: 506
    - path: eval-report.ml1m.ipynb
      hash: md5
      md5: b71e0044c7a8e697b20185fe47b721a6
      size: 72624
  eval-report@ml10m:
    cmd: papermill -r dataset ml10m eval-report.ipynb eval-report.ml10m.ipynb
    deps:
    - path: eval-report.ipynb
      hash: md5
      md5: b9118391f86d1a2f07479989906d2c31
      size: 8079
    - path: runs/ml10m-ALS
      hash: md5
      md5: 0c132200c2000e6acc57407856a2b08c.dir
      size: 45948270
      nfiles: 10
    - path: runs/ml10m-Bias
      hash: md5
      md5: f2d930e2646cfc445447d0b1fee788e8.dir
      size: 38327872
      nfiles: 10
    - path: runs/ml10m-IALS
      hash: md5
      md5: e605d6e665cb7219ad61d9f4f3c9a4eb.dir
      size: 44190493
      nfiles: 5
    - path: runs/ml10m-IIE
      hash: md5
      md5: bd8ee0a2390ad7060706d0f599910cd0.dir
      size: 47325258
      nfiles: 10
    - path: runs/ml10m-III
      hash: md5
      md5: 51a6182cfa49005672a61985b292c959.dir
      size: 42680707
      nfiles: 5
    - path: runs/ml10m-Pop
      hash: md5
      md5: 2cffffc6547ca0813ffa6dc9eaf16533.dir
      size: 6540994
      nfiles: 5
    - path: runs/ml10m-UUE
      hash: md5
      md5: a5947f92259e2941f50dbf8b2b6f22a9.dir
      size: 46022017
      nfiles: 10
    outs:
    - path: eval-metrics.ml10m.json
      hash: md5
      md5: 68ff4f442dd9bc0a6b9e0f361ee5a8d7
      size: 503
    - path: eval-report.ml10m.ipynb
      hash: md5
      md5: 7229b71beca5d91987bb32974605b306
      size: 76392
  eval-report@ml20m:
    cmd: papermill -r dataset ml20m eval-report.ipynb eval-report.ml20m.ipynb
    deps:
    - path: eval-report.ipynb
      hash: md5
      md5: b9118391f86d1a2f07479989906d2c31
      size: 8079
    - path: runs/ml20m-ALS
      hash: md5
      md5: d6693ca8a6a238365a6b10d3056913b9.dir
      size: 91671216
      nfiles: 10
    - path: runs/ml20m-Bias
      hash: md5
      md5: c62fd2594323c3ddf6b1012a0f638539.dir
      size: 76111699
      nfiles: 10
    - path: runs/ml20m-IALS
      hash: md5
      md5: e17b5666dc529a814eb711e7ab9674ab.dir
      size: 87859794
      nfiles: 5
    - path: runs/ml20m-IIE
      hash: md5
      md5: f69245eaaf219f9d0c9e3525f2d475d7.dir
      size: 90790351
      nfiles: 10
    - path: runs/ml20m-III
      hash: md5
      md5: 16fcca04d332b93871e3025f8202ddcb.dir
      size: 84784300
      nfiles: 5
    - path: runs/ml20m-Pop
      hash: md5
      md5: 22ce09726facce9cd58b5899644d9d56.dir
      size: 12502085
      nfiles: 5
    - path: runs/ml20m-UUE
      hash: md5
      md5: b7c8c38f0125428974f7fa09c098f552.dir
      size: 80244915
      nfiles: 10
    outs:
    - path: eval-metrics.ml20m.json
      hash: md5
      md5: 1f5dcae4aabbec794e083b88387cb07e
      size: 506
    - path: eval-report.ml20m.ipynb
      hash: md5
      md5: d9970b9901fbb01c5eacaa99d3410bc2
      size: 75841
  eval-report@ml25m:
    cmd: papermill -r dataset ml25m eval-report.ipynb eval-report.ml25m.ipynb
    deps:
    - path: eval-report.ipynb
      hash: md5
      md5: b9118391f86d1a2f07479989906d2c31
      size: 8079
    - path: runs/ml25m-ALS
      hash: md5
      md5: 12c61887461be171edf0a18a73df12a8.dir
      size: 110040680
      nfiles: 10
    - path: runs/ml25m-Bias
      hash: md5
      md5: 3c1ee44632845d4fd043e01e7b9142ad.dir
      size: 88564889
      nfiles: 10
    - path: runs/ml25m-IALS
      hash: md5
      md5: c437f3222043f07df766e74684169a05.dir
      size: 102671266
      nfiles: 5
    - path: runs/ml25m-IIE
      hash: md5
      md5: 0d55998d4e64703dee693ac11af925c2.dir
      size: 103236180
      nfiles: 10
    - path: runs/ml25m-III
      hash: md5
      md5: 2290668fb50c5c54e8a0e436c1f507e4.dir
      size: 99091785
      nfiles: 5
    - path: runs/ml25m-Pop
      hash: md5
      md5: 9333c12f8130eed4c51aad64246156c4.dir
      size: 14650129
      nfiles: 5
    - path: runs/ml25m-UUE
      hash: md5
      md5: 3878b3479ac4cf234214009c5c66c318.dir
      size: 76818311
      nfiles: 10
    outs:
    - path: eval-metrics.ml25m.json
      hash: md5
      md5: 28ce2d36bde2a831931a995107534136
      size: 497
    - path: eval-report.ml25m.ipynb
      hash: md5
      md5: c45ede9690f1e068f60f18575656618d
      size: 76398
  eval-report@ml32m:
    cmd: papermill -r dataset ml32m eval-report.ipynb eval-report.ml32m.ipynb
    deps:
    - path: eval-report.ipynb
      hash: md5
      md5: cb90b00c2e8bf8b8c27077baa9ab8cf1
      size: 8079
    - path: runs/ml32m-ALS
      hash: md5
      md5: 6539bc4ceb62a92c8d8c9103dd5882d8.dir
      size: 134322359
      nfiles: 10
    - path: runs/ml32m-Bias
      hash: md5
      md5: 017ce615e53f827d73d34576127f5da6.dir
      size: 107975472
      nfiles: 10
    - path: runs/ml32m-IALS
      hash: md5
      md5: 3e07e4d40a4f542f0979f45b1e76aee3.dir
      size: 125477969
      nfiles: 5
    - path: runs/ml32m-IIE
      hash: md5
      md5: 49da815defbf57b376e9c00cc139452e.dir
      size: 130105771
      nfiles: 10
    - path: runs/ml32m-III
      hash: md5
      md5: 64cf665cd5b6e58ae88ba303b8c180bf.dir
      size: 121233385
      nfiles: 5
    - path: runs/ml32m-Pop
      hash: md5
      md5: f544927694b331ef1a18eddd0fe26dd8.dir
      size: 18079546
      nfiles: 5
    - path: runs/ml32m-UUE
      hash: md5
      md5: 0aa0e3a0fe82128028f60b488d726002.dir
      size: 114235388
      nfiles: 10
    outs:
    - path: eval-metrics.ml32m.json
      hash: md5
      md5: 1a0150a37477da22b5479841e542912e
      size: 502
    - path: eval-report.ml32m.ipynb
      hash: md5
      md5: fc28a56b34e8ad1554c11dc36ba657ca
      size: 76143
