schema: '2.0'
stages:
  ml100k@II:
    cmd: python run-algo.py --splits data-split/ml100k -o runs/ml100k-II II
    deps:
    - path: data-split/ml100k
      md5: 9febdcbbc95cabbcafe286fc40779644.dir
      size: 53391
      nfiles: 5
    outs:
    - path: runs/ml100k-II
      md5: 863329ca2ac54f53d9f92a3563159420.dir
      size: 1294937
      nfiles: 10
  ml100k@IALS:
    cmd: python run-algo.py --splits data-split/ml100k -o runs/ml100k-IALS IALS
    deps:
    - path: data-split/ml100k
      md5: 9febdcbbc95cabbcafe286fc40779644.dir
      size: 53391
      nfiles: 5
    outs:
    - path: runs/ml100k-IALS
      md5: bd5e33d07c56b2e25dcdde45bb760296.dir
      size: 1340517
      nfiles: 10
  ml100k@UU:
    cmd: python run-algo.py --splits data-split/ml100k -o runs/ml100k-UU UU
    deps:
    - path: data-split/ml100k
      md5: 9febdcbbc95cabbcafe286fc40779644.dir
      size: 53391
      nfiles: 5
    outs:
    - path: runs/ml100k-UU
      md5: f6546dc1b8df0722ef4c8d7df869bd62.dir
      size: 1246228
      nfiles: 10
  ml100k@Bias:
    cmd: python run-algo.py --splits data-split/ml100k -o runs/ml100k-Bias Bias
    deps:
    - path: data-split/ml100k
      md5: 9febdcbbc95cabbcafe286fc40779644.dir
      size: 53391
      nfiles: 5
    outs:
    - path: runs/ml100k-Bias
      md5: 932659d5e5e6b172e2bf088c2aa0468c.dir
      size: 1248927
      nfiles: 10
  ml100k@ALS:
    cmd: python run-algo.py --splits data-split/ml100k -o runs/ml100k-ALS ALS
    deps:
    - path: data-split/ml100k
      md5: 9febdcbbc95cabbcafe286fc40779644.dir
      size: 53391
      nfiles: 5
    outs:
    - path: runs/ml100k-ALS
      md5: 6b2fef08276ca63aa70cb252ab39d712.dir
      size: 1294378
      nfiles: 10
  ml100k@Pop:
    cmd: python run-algo.py --splits data-split/ml100k -o runs/ml100k-Pop Pop
    deps:
    - path: data-split/ml100k
      md5: 9febdcbbc95cabbcafe286fc40779644.dir
      size: 53391
      nfiles: 5
    outs:
    - path: runs/ml100k-Pop
      md5: 958af5a21f3afc64a4fad91cce91b1ed.dir
      size: 421665
      nfiles: 5
  ml20m@Pop:
    cmd: python run-algo.py --splits data-split/ml20m -o runs/ml20m-Pop Pop
    deps:
    - path: data-split/ml20m
      md5: e18d0f4f9283999ce3837614d29d44a9.dir
      size: 8145767
      nfiles: 5
    outs:
    - path: runs/ml20m-Pop
      md5: 17bd2268b019b24b2210581cea614fdf.dir
      size: 64448401
      nfiles: 5
  ml20m@Bias:
    cmd: python run-algo.py --splits data-split/ml20m -o runs/ml20m-Bias Bias
    deps:
    - path: data-split/ml20m
      md5: e18d0f4f9283999ce3837614d29d44a9.dir
      size: 8145767
      nfiles: 5
    outs:
    - path: runs/ml20m-Bias
      md5: 19250076ad8215dfbe6ee53b447ad45e.dir
      size: 187981805
      nfiles: 10
  ml20m@II:
    cmd: python run-algo.py --splits data-split/ml20m -o runs/ml20m-II II
    deps:
    - path: data-split/ml20m
      md5: e18d0f4f9283999ce3837614d29d44a9.dir
      size: 8145767
      nfiles: 5
    outs:
    - path: runs/ml20m-II
      md5: b2f0683010f7fe4454b39721b6d73641.dir
      size: 197694228
      nfiles: 10
  ml20m@UU:
    cmd: python run-algo.py --splits data-split/ml20m -o runs/ml20m-UU UU
    deps:
    - path: data-split/ml20m
      md5: e18d0f4f9283999ce3837614d29d44a9.dir
      size: 8145767
      nfiles: 5
    outs:
    - path: runs/ml20m-UU
      md5: 8c14ecb2523a7ef1c86a0ce0c5c71d93.dir
      size: 160710833
      nfiles: 10
  ml20m@ALS:
    cmd: python run-algo.py --splits data-split/ml20m -o runs/ml20m-ALS ALS
    deps:
    - path: data-split/ml20m
      md5: e18d0f4f9283999ce3837614d29d44a9.dir
      size: 8145767
      nfiles: 5
    outs:
    - path: runs/ml20m-ALS
      md5: f47d458f6f99273ecd89e8e2f8bb40c1.dir
      size: 198928545
      nfiles: 10
  ml20m@IALS:
    cmd: python run-algo.py --splits data-split/ml20m -o runs/ml20m-IALS IALS
    deps:
    - path: data-split/ml20m
      md5: e18d0f4f9283999ce3837614d29d44a9.dir
      size: 8145767
      nfiles: 5
    outs:
    - path: runs/ml20m-IALS
      md5: 511938e23f766cafa90ffda8c7ef2a1d.dir
      size: 202728105
      nfiles: 10
  ml20m@III:
    cmd: python run-algo.py --splits data-split/ml20m -o runs/ml20m-III III
    deps:
    - path: data-split/ml20m
      md5: e18d0f4f9283999ce3837614d29d44a9.dir
      size: 8145767
      nfiles: 5
    outs:
    - path: runs/ml20m-III
      md5: e107e13e9190d6b20067999b4a131e6c.dir
      size: 198445287
      nfiles: 10
  mlsmall@Pop:
    cmd: python run-algo.py --splits data-split/mlsmall -o runs/mlsmall-Pop Pop
    deps:
    - path: data-split/mlsmall
      md5: dea9d6d987b27fa1350468028487bf5e.dir
      size: 35890
      nfiles: 5
    outs:
    - path: runs/mlsmall-Pop
      md5: 0163fcd72742c1e195db6f441abc942c.dir
      size: 274606
      nfiles: 5
  mlsmall@Bias:
    cmd: python run-algo.py --splits data-split/mlsmall -o runs/mlsmall-Bias Bias
    deps:
    - path: data-split/mlsmall
      md5: dea9d6d987b27fa1350468028487bf5e.dir
      size: 35890
      nfiles: 5
    outs:
    - path: runs/mlsmall-Bias
      md5: a035fbb42a68c10849e533dde512eb22.dir
      size: 790485
      nfiles: 10
  mlsmall@II:
    cmd: python run-algo.py --splits data-split/mlsmall -o runs/mlsmall-II II
    deps:
    - path: data-split/mlsmall
      md5: dea9d6d987b27fa1350468028487bf5e.dir
      size: 35890
      nfiles: 5
    outs:
    - path: runs/mlsmall-II
      md5: 87f5e3024797e7ba1063ab09d8d5cc4d.dir
      size: 839173
      nfiles: 10
  mlsmall@UU:
    cmd: python run-algo.py --splits data-split/mlsmall -o runs/mlsmall-UU UU
    deps:
    - path: data-split/mlsmall
      md5: dea9d6d987b27fa1350468028487bf5e.dir
      size: 35890
      nfiles: 5
    outs:
    - path: runs/mlsmall-UU
      md5: ba23fde6c04ced7e4a21f331775425ba.dir
      size: 575657
      nfiles: 10
  mlsmall@ALS:
    cmd: python run-algo.py --splits data-split/mlsmall -o runs/mlsmall-ALS ALS
    deps:
    - path: data-split/mlsmall
      md5: dea9d6d987b27fa1350468028487bf5e.dir
      size: 35890
      nfiles: 5
    outs:
    - path: runs/mlsmall-ALS
      md5: 60f1bdc29c35fc51581948118738f76a.dir
      size: 862629
      nfiles: 10
  mlsmall@IALS:
    cmd: python run-algo.py --splits data-split/mlsmall -o runs/mlsmall-IALS IALS
    deps:
    - path: data-split/mlsmall
      md5: dea9d6d987b27fa1350468028487bf5e.dir
      size: 35890
      nfiles: 5
    outs:
    - path: runs/mlsmall-IALS
      md5: 384862656bf6a93828b0b18fa544f34a.dir
      size: 890773
      nfiles: 10
  ml1m@Pop:
    cmd: python run-algo.py --splits data-split/ml1m -o runs/ml1m-Pop Pop
    deps:
    - path: data-split/ml1m
      md5: 477537a8782db4433044ea02693ec59e.dir
      size: 332990
      nfiles: 5
    outs:
    - path: runs/ml1m-Pop
      md5: 2aa2a127aff1fac673cc22c83bf91065.dir
      size: 2828129
      nfiles: 5
  ml1m@Bias:
    cmd: python run-algo.py --splits data-split/ml1m -o runs/ml1m-Bias Bias
    deps:
    - path: data-split/ml1m
      md5: 477537a8782db4433044ea02693ec59e.dir
      size: 332990
      nfiles: 5
    outs:
    - path: runs/ml1m-Bias
      md5: 4030ac217ad5dc8df1f5eeaa8ed230fa.dir
      size: 8136635
      nfiles: 10
  ml1m@II:
    cmd: python run-algo.py --splits data-split/ml1m -o runs/ml1m-II II
    deps:
    - path: data-split/ml1m
      md5: 477537a8782db4433044ea02693ec59e.dir
      size: 332990
      nfiles: 5
    outs:
    - path: runs/ml1m-II
      md5: e7d7765a2cb7a57275c4b4557c890bba.dir
      size: 8410890
      nfiles: 10
  ml1m@UU:
    cmd: python run-algo.py --splits data-split/ml1m -o runs/ml1m-UU UU
    deps:
    - path: data-split/ml1m
      md5: 477537a8782db4433044ea02693ec59e.dir
      size: 332990
      nfiles: 5
    outs:
    - path: runs/ml1m-UU
      md5: 857850cfb0e4a5f9b59bc272fb21e254.dir
      size: 8329587
      nfiles: 10
  ml1m@ALS:
    cmd: python run-algo.py --splits data-split/ml1m -o runs/ml1m-ALS ALS
    deps:
    - path: data-split/ml1m
      md5: 477537a8782db4433044ea02693ec59e.dir
      size: 332990
      nfiles: 5
    outs:
    - path: runs/ml1m-ALS
      md5: 4b04c65e7b8724bb4384108f91ee1397.dir
      size: 8352544
      nfiles: 10
  ml1m@IALS:
    cmd: python run-algo.py --splits data-split/ml1m -o runs/ml1m-IALS IALS
    deps:
    - path: data-split/ml1m
      md5: 477537a8782db4433044ea02693ec59e.dir
      size: 332990
      nfiles: 5
    outs:
    - path: runs/ml1m-IALS
      md5: 974038c01d35319e6f680ede34dcb96f.dir
      size: 8756630
      nfiles: 10
