schema: '2.0'
stages:
  split-ml20m:
    cmd: python split-data.py -o data-split/ml20m ml20m
    deps:
    - path: data/ml-20m/ratings.csv
      md5: f95d275e0f2edad2391e5ef864a46628
      size: 533444411
    params:
      params.yaml:
        random.seed: 20220215
    outs:
    - path: data-split/ml20m
      hash: md5
      md5: 90a598cea18861d56e5d97c9a3719517.dir
      size: 11958770
      nfiles: 5
  split-ml10m:
    cmd: python split-data.py -o data-split/ml10m ml10m
    deps:
    - path: data/ml-10m.zip
      hash: md5
      md5: ce571fd55effeba0271552578f2648bd
      size: 65566137
    - path: split-data.py
      hash: md5
      md5: 1c03c153a214b9058513527d5c5a6d88
      size: 1308
    params:
      params.yaml:
        random.seed: 20220215
    outs:
    - path: data-split/ml10m
      hash: md5
      md5: 7f481aaa8a3151ff1fe19bf163b7aa79.dir
      size: 4058897
      nfiles: 5
  split-mlsmall:
    cmd: python split-data.py -o data-split/mlsmall mlsmall
    deps:
    - path: data/ml-latest-small.zip
      hash: md5
      md5: 31a303aabbc519bd33d025e44d6c2570
      size: 978202
    params:
      params.yaml:
        random.seed: 20220215
    outs:
    - path: data-split/mlsmall
      hash: md5
      md5: 8ebb03094c373088c160b936e1c9eae8.dir
      size: 54394
      nfiles: 5
  split-ml100k:
    cmd: python split-data.py -o data-split/ml100k ml100k
    deps:
    - path: data/ml-100k/u.data
      md5: 6e47046882bad158b0efbb84cd5cb987
      size: 1979173
    params:
      params.yaml:
        random.seed: 20220215
    outs:
    - path: data-split/ml100k
      hash: md5
      md5: 3ba7a439384bc12405f4eaf79157ea93.dir
      size: 94640
      nfiles: 5
  split-ml1m:
    cmd: python split-data.py -o data-split/ml1m ml1m
    deps:
    - path: data/ml-1m.zip
      hash: md5
      md5: c4d9eecfca2ab87c1945afe126590906
      size: 5917549
    - path: split-data.py
      hash: md5
      md5: 1c03c153a214b9058513527d5c5a6d88
      size: 1308
    params:
      params.yaml:
        random.seed: 20220215
    outs:
    - path: data-split/ml1m
      hash: md5
      md5: 1ccae7113239fa9f489b1ebe59890f86.dir
      size: 350800
      nfiles: 5
  split-ml25m:
    cmd: python split-data.py -o data-split/ml25m ml25m
    deps:
    - path: data/ml-25m/ratings.csv
      md5: d463ba41e49011f510bbc0ea5224a169
      size: 678260987
    params:
      params.yaml:
        random.seed: 20220215
    outs:
    - path: data-split/ml25m
      hash: md5
      md5: 7d492d44c9ae62762f3264e47f7cd64b.dir
      size: 13911889
      nfiles: 5
