schema: '2.0'
stages:
  split-ml20m:
    cmd: python split-data.py -o data-split/ml20m ml20m
    deps:
    - path: data/ml-20m.zip
      hash: md5
      md5: cd245b17a1ae2cc31bb14903e1204af3
      size: 198702078
    - path: split-data.py
      hash: md5
      md5: dd212126b66eb0360b0ddfd924571ce9
      size: 1321
    params:
      params.yaml:
        random.seed: 20220215
    outs:
    - path: data-split/ml20m
      hash: md5
      md5: e496e74f9ab660f07393bb26a5c38a39.dir
      size: 8430579
      nfiles: 5
  split-ml10m:
    cmd: python split-data.py -o data-split/ml10m ml10m
    deps:
    - path: data/ml-10m.zip
      hash: md5
      md5: ce571fd55effeba0271552578f2648bd
      size: 65566137
    - path: split-data.py
      hash: md5
      md5: dd212126b66eb0360b0ddfd924571ce9
      size: 1321
    params:
      params.yaml:
        random.seed: 20220215
    outs:
    - path: data-split/ml10m
      hash: md5
      md5: 336f46ac4b07e2e13008f89e05c19a1c.dir
      size: 4040959
      nfiles: 5
  split-mlsmall:
    cmd: python split-data.py -o data-split/mlsmall mlsmall
    deps:
    - path: data/ml-latest-small.zip
      hash: md5
      md5: 31a303aabbc519bd33d025e44d6c2570
      size: 978202
    - path: split-data.py
      hash: md5
      md5: dd212126b66eb0360b0ddfd924571ce9
      size: 1321
    params:
      params.yaml:
        random.seed: 20220215
    outs:
    - path: data-split/mlsmall
      hash: md5
      md5: cc909ed59616e0c4b9c1d5aaaf9864f2.dir
      size: 54372
      nfiles: 5
  split-ml100k:
    cmd: python split-data.py -o data-split/ml100k ml100k
    deps:
    - path: data/ml-100k.zip
      hash: md5
      md5: 0e33842e24a9c977be4e0107933c0723
      size: 4924029
    - path: split-data.py
      hash: md5
      md5: dd212126b66eb0360b0ddfd924571ce9
      size: 1321
    params:
      params.yaml:
        random.seed: 20220215
    outs:
    - path: data-split/ml100k
      hash: md5
      md5: 9d8028ff2c116320ccfb3217da402601.dir
      size: 68225
      nfiles: 5
  split-ml1m:
    cmd: python split-data.py -o data-split/ml1m ml1m
    deps:
    - path: data/ml-1m.zip
      hash: md5
      md5: c4d9eecfca2ab87c1945afe126590906
      size: 5917549
    - path: split-data.py
      hash: md5
      md5: dd212126b66eb0360b0ddfd924571ce9
      size: 1321
    params:
      params.yaml:
        random.seed: 20220215
    outs:
    - path: data-split/ml1m
      hash: md5
      md5: e79afd26c0326591508711111115a30a.dir
      size: 350715
      nfiles: 5
  split-ml25m:
    cmd: python split-data.py -o data-split/ml25m ml25m
    deps:
    - path: data/ml-25m.zip
      hash: md5
      md5: 6b51fb2759a8657d3bfcbfc42b592ada
      size: 261978986
    - path: split-data.py
      hash: md5
      md5: dd212126b66eb0360b0ddfd924571ce9
      size: 1321
    params:
      params.yaml:
        random.seed: 20220215
    outs:
    - path: data-split/ml25m
      hash: md5
      md5: e1098ad31679168b4f0a555943911226.dir
      size: 9755162
      nfiles: 5
  split-ml32m:
    cmd: python split-data.py -o data-split/ml32m ml32m
    deps:
    - path: data/ml-32m.zip
      hash: md5
      md5: d472be332d4daa821edc399621853b57
      size: 238950008
    - path: split-data.py
      hash: md5
      md5: 1c03c153a214b9058513527d5c5a6d88
      size: 1308
    params:
      params.yaml:
        random.seed: 20220215
    outs:
    - path: data-split/ml32m
      hash: md5
      md5: ff0216fd7d7ffe29d9eb6c99df8cef71.dir
      size: 10766336
      nfiles: 5
