schema: '2.0'
stages:
  ml-100k:
    cmd: python -m zipfile -e ml-100k.zip .
    deps:
    - path: ml-100k.zip
      md5: 0e33842e24a9c977be4e0107933c0723
      size: 4924029
    outs:
    - path: ml-100k/
      md5: 33e3b98f41ab1289116f74de90b95a24.dir
      size: 16100896
      nfiles: 23
  ml-latest-small:
    cmd: python -m zipfile -e ml-latest-small.zip .
    deps:
    - path: ml-latest-small.zip
      md5: 31a303aabbc519bd33d025e44d6c2570
      size: 978202
    outs:
    - path: ml-latest-small/
      md5: c4679a5c26767acd3f6d42cdf57bc0e7.dir
      size: 3303135
      nfiles: 5
  ml-20m:
    cmd: python -m zipfile -e ml-20m.zip .
    deps:
    - path: ml-20m.zip
      md5: cd245b17a1ae2cc31bb14903e1204af3
      size: 198702078
    outs:
    - path: ml-20m/
      md5: c330ca8a1a4009f53451a8aeaa325d91.dir
      size: 875588784
      nfiles: 7
  ml-1m:
    cmd: python -m zipfile -e ml-1m.zip .
    deps:
    - path: ml-1m.zip
      md5: c4d9eecfca2ab87c1945afe126590906
      size: 5917549
    outs:
    - path: ml-1m/
      md5: 82cb2289085c2178418e006f69afc645.dir
      size: 24905384
      nfiles: 4
  ml-10m:
    cmd: python -m zipfile -e ml-10m.zip .
    deps:
    - path: ml-10m.zip
      md5: ce571fd55effeba0271552578f2648bd
      size: 65566137
    outs:
    - path: ml-10M100K/
      md5: 0ff97e7caebfc577216e762ec5266cfd.dir
      size: 269225571
      nfiles: 6
  bx:
    cmd: python -m zipfile -e BX-CSV-Dump.zip bx
    deps:
    - path: BX-CSV-Dump.zip
      md5: 37d647ee9e18ba134ea6d78ee4fe5292
      size: 26085508
    outs:
    - path: bx/
      md5: 98ee04d046acb394d3b4916908bca3d0.dir
      size: 120753872
      nfiles: 3
